// !$*UTF8*$!
{
	archiveVersion = 1;
	classes = {
	};
	objectVersion = 56;
	objects = {

/* Begin PBXBuildFile section */
	0E7293B8D630456E9682C251 /* MeetingRowView.swift in Sources */ = {isa = PBXBuildFile; fileRef = 82CEE38B64F60141EA6DE7EE /* MeetingRowView.swift */; };
	104FDF64364D0379F6D338CC /* MeetingListViewModel.swift in Sources */ = {isa = PBXBuildFile; fileRef = E591C5A0CD919B0CBADE2347 /* MeetingListViewModel.swift */; };
	0F7E66604E78C6557390EB28 /* Assets.xcassets in Resources */ = {isa = PBXBuildFile; fileRef = 8F31D34C5A2AFDA7D17E0476 /* Assets.xcassets */; };
	B1F0D0C1F1E2010000000011 /* Types.swift in Sources */ = {isa = PBXBuildFile; fileRef = A1F0D0C1F1E2010000000001 /* Types.swift */; };
	B1F0D0C1F1E2010000000012 /* AVAudioCaptureService.swift in Sources */ = {isa = PBXBuildFile; fileRef = A1F0D0C1F1E2010000000002 /* AVAudioCaptureService.swift */; };
	B1F0D0C1F1E2010000000013 /* MeetingRecordingManager.swift in Sources */ = {isa = PBXBuildFile; fileRef = A1F0D0C1F1E2010000000003 /* MeetingRecordingManager.swift */; };
	B1F0D0C1F1E2010000000014 /* TranscriptionService.swift in Sources */ = {isa = PBXBuildFile; fileRef = A1F0D0C1F1E2010000000004 /* TranscriptionService.swift */; };
	B1F0D0C1F1E2010000000022 /* MeetingRecordingCoordinator.swift in Sources */ = {isa = PBXBuildFile; fileRef = A1F0D0C1F1E2010000000011 /* MeetingRecordingCoordinator.swift */; };
	B1F0D0C1F1E2010000000015 /* HolidayDetector.swift in Sources */ = {isa = PBXBuildFile; fileRef = A1F0D0C1F1E2010000000005 /* HolidayDetector.swift */; };
	B1F0D0C1F1E2010000000016 /* PlatformIconProvider.swift in Sources */ = {isa = PBXBuildFile; fileRef = A1F0D0C1F1E2010000000006 /* PlatformIconProvider.swift */; };
	B1F0D0C1F1E2010000000017 /* SharedTypes.swift in Sources */ = {isa = PBXBuildFile; fileRef = A1F0D0C1F1E2010000000007 /* SharedTypes.swift */; };
	B1F0D0C1F1E2010000000021 /* FileLogger.swift in Sources */ = {isa = PBXBuildFile; fileRef = A1F0D0C1F1E2010000000010 /* FileLogger.swift */; };
	B1F0D0C1F1E201000000001B /* MeetingPlatform.swift in Sources */ = {isa = PBXBuildFile; fileRef = A1F0D0C1F1E201000000000B /* MeetingPlatform.swift */; };
	B1F0D0C1F1E201000000001C /* MenuBarIconProvider.swift in Sources */ = {isa = PBXBuildFile; fileRef = A1F0D0C1F1E201000000000C /* MenuBarIconProvider.swift */; };
	B1F0D0C1F1E201000000001D /* PermissionsService.swift in Sources */ = {isa = PBXBuildFile; fileRef = A1F0D0C1F1E201000000000D /* PermissionsService.swift */; };
	B1F0D0C1F1E2010000000018 /* TranscriptStore.swift in Sources */ = {isa = PBXBuildFile; fileRef = A1F0D0C1F1E2010000000008 /* TranscriptStore.swift */; };
	B1F0D0C1F1E2010000000019 /* TranscriptSearchView.swift in Sources */ = {isa = PBXBuildFile; fileRef = A1F0D0C1F1E2010000000009 /* TranscriptSearchView.swift */; };
	B1F0D0C1F1E201000000001A /* TranscriptionView.swift in Sources */ = {isa = PBXBuildFile; fileRef = A1F0D0C1F1E201000000000A /* TranscriptionView.swift */; };
	B1F0D0C1F1E201000000001E /* NotificationHelper.swift in Sources */ = {isa = PBXBuildFile; fileRef = A1F0D0C1F1E201000000000E /* NotificationHelper.swift */; };
	B1F0D0C1F1E2010000000020 /* HotkeyManager.swift in Sources */ = {isa = PBXBuildFile; fileRef = A1F0D0C1F1E201000000000F /* HotkeyManager.swift */; };
	F1F5B2DC1D0A4FC3A5E1C0D1 /* AccessibilityHelper.swift in Sources */ = {isa = PBXBuildFile; fileRef = F1F5B2DB1D0A4FC3A5E1C0D1 /* AccessibilityHelper.swift */; };
	5B3C1D4E6A9845A4B7F8C2DB /* TranscriptWindowController.swift in Sources */ = {isa = PBXBuildFile; fileRef = 5B3C1D4E6A9845A4B7F8C2DA /* TranscriptWindowController.swift */; };
	B945B1D3B9C848E6AB2763E6CCC2C64C /* AudioModels.swift in Sources */ = {isa = PBXBuildFile; fileRef = 93CC832006A740B8BAECB5CE64314F3B /* AudioModels.swift */; };
	A2AA394AFCDD414AA6082028123BD864 /* DiarizationEngineFactory.swift in Sources */ = {isa = PBXBuildFile; fileRef = 92836CB09DD3497BBCB5A20B5D645F09 /* DiarizationEngineFactory.swift */; };
	7361C4DA3E42422989068561EBA3080B /* DiarizationService.swift in Sources */ = {isa = PBXBuildFile; fileRef = 75B740BF673544A594625D9ACC07BA8B /* DiarizationService.swift */; };
	80FE5CAE940E4AD9869D8CE173ED4A23 /* FluidAudioAdapter.swift in Sources */ = {isa = PBXBuildFile; fileRef = DF48982FAB834055A2AC3FAE79109395 /* FluidAudioAdapter.swift */; };
	41F4A9477D1C4FA381E8935A8D269DDF /* MeetingRecordingPipeline.swift in Sources */ = {isa = PBXBuildFile; fileRef = 01B63EE76EDA4773903755A3F251FCA5 /* MeetingRecordingPipeline.swift */; };
	27CC46306D09405BBBB43617C1B33461 /* MLXAdapter.swift in Sources */ = {isa = PBXBuildFile; fileRef = 94AEABBD11484B4C9905881B69F6E465 /* MLXAdapter.swift */; };
	F00D72B5D82E4C1FB9D77D0193C8C13C /* SummarizationService.swift in Sources */ = {isa = PBXBuildFile; fileRef = B31D9D453E9E4C2DA49DC1512163E0EB /* SummarizationService.swift */; };
	4C460327A9D08F6F394261F2 /* MenuBarController.swift in Sources */ = {isa = PBXBuildFile; fileRef = B9643B3F6CF09183E7E9EE4A /* MenuBarController.swift */; };
	553ADF43BEB23110DAFF4EBC /* CalendarService.swift in Sources */ = {isa = PBXBuildFile; fileRef = 05C7FE5C6BFB9491A6568F7C /* CalendarService.swift */; };
	D735051D7A7D468EBDF47363AE10B0CD /* CalendarAccessHelper.swift in Sources */ = {isa = PBXBuildFile; fileRef = 14628F1AFD8E4DE1871ECE76491BDC42 /* CalendarAccessHelper.swift */; };
	4262CBB0E3604C7FA59F4AE320DC239C /* LiveNotesComponents.swift in Sources */ = {isa = PBXBuildFile; fileRef = 4BE9734EA47344D0AADB9A29CEB2593A /* LiveNotesComponents.swift */; };
	672895B9E03830086B5E32E1 /* PreferencesService.swift in Sources */ = {isa = PBXBuildFile; fileRef = 0467AC2803809ABEE6368BF8 /* PreferencesService.swift */; };
	7B4976A61FDC8DF74F991A16 /* PreferencesView.swift in Sources */ = {isa = PBXBuildFile; fileRef = E6760441C0977FD19F2B6838 /* PreferencesView.swift */; };
	B09ACBBF34AF004C83A0835A /* OverhearApp.swift in Sources */ = {isa = PBXBuildFile; fileRef = C5563B52A06A54C980A22A14 /* OverhearApp.swift */; };
	B6D0B2A219F53F31AD9C3EB3 /* FluidAudio in Frameworks */ = {isa = PBXBuildFile; productRef = 8C1DE61BFEDC45A39B3A7D65 /* FluidAudio */; };
	E7D5B8A7F5CB4F5BB8D02F1A /* MLXLLM in Frameworks */ = {isa = PBXBuildFile; productRef = 7C4E1C6C7B2C4B5D8DDC7B2E /* MLXLLM */; };
	C2D5E6CE6C1B18A934FB6917 /* MenuBarContentView.swift in Sources */ = {isa = PBXBuildFile; fileRef = D12220410D1DBBF18A9BA1D0 /* MenuBarContentView.swift */; };
	C3BAC7E2A8CDBF78BAB8A332 /* Meeting.swift in Sources */ = {isa = PBXBuildFile; fileRef = 1126CA13260065D9BC095422 /* Meeting.swift */; };
	EAF99761927E193EB588F6CA /* PreferencesWindowController.swift in Sources */ = {isa = PBXBuildFile; fileRef = C268D5AFB48081C5B8477301 /* PreferencesWindowController.swift */; };
	EDF853AFF500BEEA7B7EB51C /* AppDelegate.swift in Sources */ = {isa = PBXBuildFile; fileRef = C01606FEE32B43E2DE0C9D8E /* AppDelegate.swift */; };
	016A546E4C2C7638A8013832 /* AppContext.swift in Sources */ = {isa = PBXBuildFile; fileRef = B0753D3EBF878CDDA7278CF7 /* AppContext.swift */; };

		FD7D27912BBF20D900A5CB6F /* AutoRecordingCoordinator.swift in Sources */ = {isa = PBXBuildFile; fileRef = FD7D27902BBF20D900A5CB6F /* AutoRecordingCoordinator.swift */; };
		FD7D27932BBF20EA00A5CB6F /* CallDetectionService.swift in Sources */ = {isa = PBXBuildFile; fileRef = FD7D27922BBF20EA00A5CB6F /* CallDetectionService.swift */; };
		FD7D27952BBF20F500A5CB6F /* MicUsageMonitor.swift in Sources */ = {isa = PBXBuildFile; fileRef = FD7D27942BBF20F500A5CB6F /* MicUsageMonitor.swift */; };
		FD7D27972BBF20FE00A5CB6F /* RecordingStateIndicator.swift in Sources */ = {isa = PBXBuildFile; fileRef = FD7D27962BBF20FE00A5CB6F /* RecordingStateIndicator.swift */; };
		7807C47765C84ABC8AF39A36 /* RecordingStateProviding.swift in Sources */ = {isa = PBXBuildFile; fileRef = 7807C47765C84ABC8AF39A36 /* RecordingStateProviding.swift */; };
		A8D104984C5B4D2F9F975394 /* MeetingNotificationRouting.swift in Sources */ = {isa = PBXBuildFile; fileRef = A8D104984C5B4D2F9F975394 /* MeetingNotificationRouting.swift */; };
	F1F5B2D21D0A4FC3A5E1C0D1 /* LocalLLMPipeline.swift in Sources */ = {isa = PBXBuildFile; fileRef = F1F5B2D11D0A4FC3A5E1C0D1 /* LocalLLMPipeline.swift */; };
	F1F5B2D61D0A4FC3A5E1C0D1 /* MLXPreferences.swift in Sources */ = {isa = PBXBuildFile; fileRef = F1F5B2D51D0A4FC3A5E1C0D1 /* MLXPreferences.swift */; };
	F1F5B2D81D0A4FC3A5E1C0D1 /* PromptTemplate.swift in Sources */ = {isa = PBXBuildFile; fileRef = F1F5B2D71D0A4FC3A5E1C0D1 /* PromptTemplate.swift */; };
	F1F5B2DA1D0A4FC3A5E1C0D1 /* PromptTemplateRunner.swift in Sources */ = {isa = PBXBuildFile; fileRef = F1F5B2D91D0A4FC3A5E1C0D1 /* PromptTemplateRunner.swift */; };

/* End PBXBuildFile section */

/* Begin PBXFileReference section */
	0467AC2803809ABEE6368BF8 /* PreferencesService.swift */ = {isa = PBXFileReference; lastKnownFileType = sourcecode.swift; path = PreferencesService.swift; sourceTree = "<group>"; };
	05C7FE5C6BFB9491A6568F7C /* CalendarService.swift */ = {isa = PBXFileReference; lastKnownFileType = sourcecode.swift; path = CalendarService.swift; sourceTree = "<group>"; };
	14628F1AFD8E4DE1871ECE76491BDC42 /* CalendarAccessHelper.swift */ = {isa = PBXFileReference; lastKnownFileType = sourcecode.swift; path = CalendarAccessHelper.swift; sourceTree = "<group>"; };
	1126CA13260065D9BC095422 /* Meeting.swift */ = {isa = PBXFileReference; lastKnownFileType = sourcecode.swift; path = Meeting.swift; sourceTree = "<group>"; };
	A1F0D0C1F1E2010000000001 /* Types.swift */ = {isa = PBXFileReference; lastKnownFileType = sourcecode.swift; path = Types.swift; sourceTree = "<group>"; };
	A1F0D0C1F1E2010000000002 /* AVAudioCaptureService.swift */ = {isa = PBXFileReference; lastKnownFileType = sourcecode.swift; path = AVAudioCaptureService.swift; sourceTree = "<group>"; };
	93CC832006A740B8BAECB5CE64314F3B /* AudioModels.swift */ = {isa = PBXFileReference; lastKnownFileType = sourcecode.swift; path = AudioModels.swift; sourceTree = "<group>"; };
	92836CB09DD3497BBCB5A20B5D645F09 /* DiarizationEngineFactory.swift */ = {isa = PBXFileReference; lastKnownFileType = sourcecode.swift; path = DiarizationEngineFactory.swift; sourceTree = "<group>"; };
	75B740BF673544A594625D9ACC07BA8B /* DiarizationService.swift */ = {isa = PBXFileReference; lastKnownFileType = sourcecode.swift; path = DiarizationService.swift; sourceTree = "<group>"; };
	DF48982FAB834055A2AC3FAE79109395 /* FluidAudioAdapter.swift */ = {isa = PBXFileReference; lastKnownFileType = sourcecode.swift; path = FluidAudioAdapter.swift; sourceTree = "<group>"; };
	A1F0D0C1F1E2010000000003 /* MeetingRecordingManager.swift */ = {isa = PBXFileReference; lastKnownFileType = sourcecode.swift; path = MeetingRecordingManager.swift; sourceTree = "<group>"; };
	A1F0D0C1F1E2010000000011 /* MeetingRecordingCoordinator.swift */ = {isa = PBXFileReference; lastKnownFileType = sourcecode.swift; path = MeetingRecordingCoordinator.swift; sourceTree = "<group>"; };
	01B63EE76EDA4773903755A3F251FCA5 /* MeetingRecordingPipeline.swift */ = {isa = PBXFileReference; lastKnownFileType = sourcecode.swift; path = MeetingRecordingPipeline.swift; sourceTree = "<group>"; };
	94AEABBD11484B4C9905881B69F6E465 /* MLXAdapter.swift */ = {isa = PBXFileReference; lastKnownFileType = sourcecode.swift; path = MLXAdapter.swift; sourceTree = "<group>"; };
	B31D9D453E9E4C2DA49DC1512163E0EB /* SummarizationService.swift */ = {isa = PBXFileReference; lastKnownFileType = sourcecode.swift; path = SummarizationService.swift; sourceTree = "<group>"; };
	A1F0D0C1F1E2010000000004 /* TranscriptionService.swift */ = {isa = PBXFileReference; lastKnownFileType = sourcecode.swift; path = TranscriptionService.swift; sourceTree = "<group>"; };
	A1F0D0C1F1E2010000000005 /* HolidayDetector.swift */ = {isa = PBXFileReference; lastKnownFileType = sourcecode.swift; path = HolidayDetector.swift; sourceTree = "<group>"; };
	A1F0D0C1F1E2010000000006 /* PlatformIconProvider.swift */ = {isa = PBXFileReference; lastKnownFileType = sourcecode.swift; path = PlatformIconProvider.swift; sourceTree = "<group>"; };
	A1F0D0C1F1E2010000000007 /* SharedTypes.swift */ = {isa = PBXFileReference; lastKnownFileType = sourcecode.swift; path = SharedTypes.swift; sourceTree = "<group>"; };
	A1F0D0C1F1E2010000000010 /* FileLogger.swift */ = {isa = PBXFileReference; lastKnownFileType = sourcecode.swift; path = FileLogger.swift; sourceTree = "<group>"; };
	A1F0D0C1F1E201000000000E /* NotificationHelper.swift */ = {isa = PBXFileReference; lastKnownFileType = sourcecode.swift; path = NotificationHelper.swift; sourceTree = "<group>"; };
	A1F0D0C1F1E201000000000F /* HotkeyManager.swift */ = {isa = PBXFileReference; lastKnownFileType = sourcecode.swift; path = HotkeyManager.swift; sourceTree = "<group>"; };
	A1F0D0C1F1E2010000000008 /* TranscriptStore.swift */ = {isa = PBXFileReference; lastKnownFileType = sourcecode.swift; path = TranscriptStore.swift; sourceTree = "<group>"; };
	A1F0D0C1F1E2010000000009 /* TranscriptSearchView.swift */ = {isa = PBXFileReference; lastKnownFileType = sourcecode.swift; path = TranscriptSearchView.swift; sourceTree = "<group>"; };
	A1F0D0C1F1E201000000000A /* TranscriptionView.swift */ = {isa = PBXFileReference; lastKnownFileType = sourcecode.swift; path = TranscriptionView.swift; sourceTree = "<group>"; };
	A1F0D0C1F1E201000000000B /* MeetingPlatform.swift */ = {isa = PBXFileReference; lastKnownFileType = sourcecode.swift; path = MeetingPlatform.swift; sourceTree = "<group>"; };
	A1F0D0C1F1E201000000000C /* MenuBarIconProvider.swift */ = {isa = PBXFileReference; lastKnownFileType = sourcecode.swift; path = MenuBarIconProvider.swift; sourceTree = "<group>"; };
	A1F0D0C1F1E201000000000D /* PermissionsService.swift */ = {isa = PBXFileReference; lastKnownFileType = sourcecode.swift; path = PermissionsService.swift; sourceTree = "<group>"; };
	F1F5B2DB1D0A4FC3A5E1C0D1 /* AccessibilityHelper.swift */ = {isa = PBXFileReference; lastKnownFileType = sourcecode.swift; path = AccessibilityHelper.swift; sourceTree = "<group>"; };
	8AF60D2CD395349366EFBB74 /* Info.plist */ = {isa = PBXFileReference; lastKnownFileType = text.plist.xml; path = Info.plist; sourceTree = "<group>"; };
	9B8CFC582D8E4C5F9F6D5E5A /* Overhear.entitlements */ = {isa = PBXFileReference; lastKnownFileType = text.plist.entitlements; path = Overhear.entitlements; sourceTree = "<group>"; };
	8F31D34C5A2AFDA7D17E0476 /* Assets.xcassets */ = {isa = PBXFileReference; lastKnownFileType = folder.assetcatalog; path = Assets.xcassets; sourceTree = "<group>"; };
	B0753D3EBF878CDDA7278CF7 /* AppContext.swift */ = {isa = PBXFileReference; lastKnownFileType = sourcecode.swift; path = AppContext.swift; sourceTree = "<group>"; };
	B450443A64541675999965EF /* Overhear.app */ = {isa = PBXFileReference; explicitFileType = wrapper.application; includeInIndex = 0; path = Overhear.app; sourceTree = BUILT_PRODUCTS_DIR; };
	B9643B3F6CF09183E7E9EE4A /* MenuBarController.swift */ = {isa = PBXFileReference; lastKnownFileType = sourcecode.swift; path = MenuBarController.swift; sourceTree = "<group>"; };
	C01606FEE32B43E2DE0C9D8E /* AppDelegate.swift */ = {isa = PBXFileReference; lastKnownFileType = sourcecode.swift; path = AppDelegate.swift; sourceTree = "<group>"; };
	C268D5AFB48081C5B8477301 /* PreferencesWindowController.swift */ = {isa = PBXFileReference; lastKnownFileType = sourcecode.swift; path = PreferencesWindowController.swift; sourceTree = "<group>"; };
	C5563B52A06A54C980A22A14 /* OverhearApp.swift */ = {isa = PBXFileReference; lastKnownFileType = sourcecode.swift; path = OverhearApp.swift; sourceTree = "<group>"; };
	D12220410D1DBBF18A9BA1D0 /* MenuBarContentView.swift */ = {isa = PBXFileReference; lastKnownFileType = sourcecode.swift; path = MenuBarContentView.swift; sourceTree = "<group>"; };
	E591C5A0CD919B0CBADE2347 /* MeetingListViewModel.swift */ = {isa = PBXFileReference; lastKnownFileType = sourcecode.swift; path = MeetingListViewModel.swift; sourceTree = "<group>"; };
	E6760441C0977FD19F2B6838 /* PreferencesView.swift */ = {isa = PBXFileReference; lastKnownFileType = sourcecode.swift; path = PreferencesView.swift; sourceTree = "<group>"; };
	82CEE38B64F60141EA6DE7EE /* MeetingRowView.swift */ = {isa = PBXFileReference; lastKnownFileType = sourcecode.swift; path = MeetingRowView.swift; sourceTree = "<group>"; };
	5B3C1D4E6A9845A4B7F8C2DA /* TranscriptWindowController.swift */ = {isa = PBXFileReference; lastKnownFileType = sourcecode.swift; path = TranscriptWindowController.swift; sourceTree = "<group>"; };
	4BE9734EA47344D0AADB9A29CEB2593A /* LiveNotesComponents.swift */ = {isa = PBXFileReference; lastKnownFileType = sourcecode.swift; path = LiveNotesComponents.swift; sourceTree = "<group>"; };

		FD7D27902BBF20D900A5CB6F /* AutoRecordingCoordinator.swift */ = {isa = PBXFileReference; lastKnownFileType = sourcecode.swift; path = Sources/Features/Automation/AutoRecordingCoordinator.swift; sourceTree = "<group>"; };
		FD7D27922BBF20EA00A5CB6F /* CallDetectionService.swift */ = {isa = PBXFileReference; lastKnownFileType = sourcecode.swift; path = Sources/Features/Automation/CallDetectionService.swift; sourceTree = "<group>"; };
		FD7D27942BBF20F500A5CB6F /* MicUsageMonitor.swift */ = {isa = PBXFileReference; lastKnownFileType = sourcecode.swift; path = Sources/Features/Automation/MicUsageMonitor.swift; sourceTree = "<group>"; };
		FD7D27962BBF20FE00A5CB6F /* RecordingStateIndicator.swift */ = {isa = PBXFileReference; lastKnownFileType = sourcecode.swift; path = Sources/Features/Automation/RecordingStateIndicator.swift; sourceTree = "<group>"; };
		7807C47765C84ABC8AF39A36 /* RecordingStateProviding.swift */ = {isa = PBXFileReference; lastKnownFileType = sourcecode.swift; path = Sources/Features/Automation/RecordingStateProviding.swift; sourceTree = "<group>"; };
		A8D104984C5B4D2F9F975394 /* MeetingNotificationRouting.swift */ = {isa = PBXFileReference; lastKnownFileType = sourcecode.swift; path = Sources/Features/Automation/MeetingNotificationRouting.swift; sourceTree = "<group>"; };
	F1F5B2D11D0A4FC3A5E1C0D1 /* LocalLLMPipeline.swift */ = {isa = PBXFileReference; lastKnownFileType = sourcecode.swift; path = LocalLLMPipeline.swift; sourceTree = "<group>"; };
	F1F5B2D51D0A4FC3A5E1C0D1 /* MLXPreferences.swift */ = {isa = PBXFileReference; lastKnownFileType = sourcecode.swift; path = MLXPreferences.swift; sourceTree = "<group>"; };
	F1F5B2D71D0A4FC3A5E1C0D1 /* PromptTemplate.swift */ = {isa = PBXFileReference; lastKnownFileType = sourcecode.swift; path = PromptTemplate.swift; sourceTree = "<group>"; };
	F1F5B2D91D0A4FC3A5E1C0D1 /* PromptTemplateRunner.swift */ = {isa = PBXFileReference; lastKnownFileType = sourcecode.swift; path = PromptTemplateRunner.swift; sourceTree = "<group>"; };

/* End PBXFileReference section */

/* Begin PBXFrameworksBuildPhase section */
	8DE5E4A3E95C44C1031E57D0 /* Frameworks */ = {
		isa = PBXFrameworksBuildPhase;
		buildActionMask = 2147483647;
		files = (
			B6D0B2A219F53F31AD9C3EB3 /* FluidAudio in Frameworks */,
			E7D5B8A7F5CB4F5BB8D02F1A /* MLXLLM in Frameworks */,
		);
		runOnlyForDeploymentPostprocessing = 0;
	};
/* End PBXFrameworksBuildPhase section */

/* Begin PBXGroup section */
	8C39F975C240A321E98F405C = {
		isa = PBXGroup;
		children = (
			13B9D780C478343D6CA1F161 /* Sources */,
			69C6201F665875E4A8CE81A9 /* Resources */,
			D2B8E6BF76808FD739F37E61 /* Products */,
		);
		sourceTree = "<group>";
	};
	13B9D780C478343D6CA1F161 /* Sources */ = {
		isa = PBXGroup;
		children = (
			F37611B41ED4F928AEF4F417 /* App */,
			B4660A6143C7552E72DDD35E /* Features */,
		);
		path = Sources;
		sourceTree = "<group>";
	};
	F37611B41ED4F928AEF4F417 /* App */ = {
		isa = PBXGroup;
		children = (
			C5563B52A06A54C980A22A14 /* OverhearApp.swift */,
			C01606FEE32B43E2DE0C9D8E /* AppDelegate.swift */,
			B0753D3EBF878CDDA7278CF7 /* AppContext.swift */,
			A1F0D0C1F1E201000000000D /* PermissionsService.swift */,
			A1F0D0C1F1E2010000000001 /* Types.swift */,
		);
		path = App;
		sourceTree = "<group>";
	};
	B4660A6143C7552E72DDD35E /* Features */ = {
		isa = PBXGroup;
		children = (
			398C13C597346930EA1881FE /* Calendar */,
			202177B91B82810447ECD1FD /* Meetings */,
			40B0354D1D851BD3A7C984F6 /* MenuBar */,
			F03B5CD4DB434356547DACE5 /* Preferences */,
			B11DC2DCA910211818176E12 /* Audio */,
			91D16B06DEA86C9B36D95D3E /* Shared */,
			1131C6A76F3E0B6371D1BE44 /* Transcription */,
		);
		path = Features;
		sourceTree = "<group>";
	};
	398C13C597346930EA1881FE /* Calendar */ = {
		isa = PBXGroup;
		children = (
			05C7FE5C6BFB9491A6568F7C /* CalendarService.swift */,
			14628F1AFD8E4DE1871ECE76491BDC42 /* CalendarAccessHelper.swift */,
		);
		path = Calendar;
		sourceTree = "<group>";
	};
	202177B91B82810447ECD1FD /* Meetings */ = {
		isa = PBXGroup;
		children = (
			1126CA13260065D9BC095422 /* Meeting.swift */,
			A1F0D0C1F1E201000000000B /* MeetingPlatform.swift */,
			E591C5A0CD919B0CBADE2347 /* MeetingListViewModel.swift */,
			A1F0D0C1F1E2010000000005 /* HolidayDetector.swift */,
			A1F0D0C1F1E2010000000006 /* PlatformIconProvider.swift */,
		);
		path = Meetings;
		sourceTree = "<group>";
	};
	40B0354D1D851BD3A7C984F6 /* MenuBar */ = {
		isa = PBXGroup;
		children = (
			B9643B3F6CF09183E7E9EE4A /* MenuBarController.swift */,
			D12220410D1DBBF18A9BA1D0 /* MenuBarContentView.swift */,
			4BE9734EA47344D0AADB9A29CEB2593A /* LiveNotesComponents.swift */,
			A1F0D0C1F1E201000000000C /* MenuBarIconProvider.swift */,
			82CEE38B64F60141EA6DE7EE /* MeetingRowView.swift */,
		);
		path = MenuBar;
		sourceTree = "<group>";
	};
	F03B5CD4DB434356547DACE5 /* Preferences */ = {
		isa = PBXGroup;
		children = (
			0467AC2803809ABEE6368BF8 /* PreferencesService.swift */,
			E6760441C0977FD19F2B6838 /* PreferencesView.swift */,
			F1F5B2D51D0A4FC3A5E1C0D1 /* MLXPreferences.swift */,
			C268D5AFB48081C5B8477301 /* PreferencesWindowController.swift */,
		);
		path = Preferences;
		sourceTree = "<group>";
	};
	B11DC2DCA910211818176E12 /* Audio */ = {
		isa = PBXGroup;
		children = (
			A1F0D0C1F1E2010000000002 /* AVAudioCaptureService.swift */,
			93CC832006A740B8BAECB5CE64314F3B /* AudioModels.swift */,
			92836CB09DD3497BBCB5A20B5D645F09 /* DiarizationEngineFactory.swift */,
			75B740BF673544A594625D9ACC07BA8B /* DiarizationService.swift */,
			DF48982FAB834055A2AC3FAE79109395 /* FluidAudioAdapter.swift */,
			A1F0D0C1F1E2010000000003 /* MeetingRecordingManager.swift */,
			A1F0D0C1F1E2010000000011 /* MeetingRecordingCoordinator.swift */,
			01B63EE76EDA4773903755A3F251FCA5 /* MeetingRecordingPipeline.swift */,
			94AEABBD11484B4C9905881B69F6E465 /* MLXAdapter.swift */,
			F1F5B2D11D0A4FC3A5E1C0D1 /* LocalLLMPipeline.swift */,
			F1F5B2D71D0A4FC3A5E1C0D1 /* PromptTemplate.swift */,
			F1F5B2D91D0A4FC3A5E1C0D1 /* PromptTemplateRunner.swift */,
			B31D9D453E9E4C2DA49DC1512163E0EB /* SummarizationService.swift */,
			A1F0D0C1F1E2010000000004 /* TranscriptionService.swift */,
		);
		path = Audio;
		sourceTree = "<group>";
	};
	91D16B06DEA86C9B36D95D3E /* Shared */ = {
		isa = PBXGroup;
		children = (
			A1F0D0C1F1E2010000000007 /* SharedTypes.swift */,
			A1F0D0C1F1E2010000000010 /* FileLogger.swift */,
			A1F0D0C1F1E201000000000E /* NotificationHelper.swift */,
			A1F0D0C1F1E201000000000F /* HotkeyManager.swift */,
			F1F5B2DB1D0A4FC3A5E1C0D1 /* AccessibilityHelper.swift */,
		);
		path = Shared;
		sourceTree = "<group>";
	};
	1131C6A76F3E0B6371D1BE44 /* Transcription */ = {
		isa = PBXGroup;
		children = (
			A1F0D0C1F1E2010000000008 /* TranscriptStore.swift */,
			A1F0D0C1F1E2010000000009 /* TranscriptSearchView.swift */,
			A1F0D0C1F1E201000000000A /* TranscriptionView.swift */,
			5B3C1D4E6A9845A4B7F8C2DA /* TranscriptWindowController.swift */,
		);
		path = Transcription;
		sourceTree = "<group>";
	};
	69C6201F665875E4A8CE81A9 /* Resources */ = {
		isa = PBXGroup;
		children = (
			8F31D34C5A2AFDA7D17E0476 /* Assets.xcassets */,
			8AF60D2CD395349366EFBB74 /* Info.plist */,
			9B8CFC582D8E4C5F9F6D5E5A /* Overhear.entitlements */,
		);
		path = Resources;
		sourceTree = "<group>";
	};
	D2B8E6BF76808FD739F37E61 /* Products */ = {
		isa = PBXGroup;
		children = (
			B450443A64541675999965EF /* Overhear.app */,
		);
		name = Products;
		sourceTree = "<group>";
	};
/* End PBXGroup section */

/* Begin PBXNativeTarget section */
	77A9AB70BCB9480D0E2567B5 /* Overhear */ = {
		isa = PBXNativeTarget;
		buildConfigurationList = 11DA417D0736C8ADF76AB320 /* Build configuration list for PBXNativeTarget "Overhear" */;
		buildPhases = (
			D03A1A98F776E5AB7BD121A9 /* Sources */,
			8DE5E4A3E95C44C1031E57D0 /* Frameworks */,
			1549E9B5BB5355F9120D2A52 /* Resources */,
		);
		buildRules = (
		);
		dependencies = (
		);
		name = Overhear;
		packageProductDependencies = (
			8C1DE61BFEDC45A39B3A7D65 /* FluidAudio */,
			7C4E1C6C7B2C4B5D8DDC7B2E /* MLXLLM */,
		);
		productName = Overhear;
		productReference = B450443A64541675999965EF /* Overhear.app */;
		productType = "com.apple.product-type.application";
	};
/* End PBXNativeTarget section */

/* Begin PBXProject section */
	F5D72C8DB1660CE48CC2B4D9 /* Project object */ = {
		isa = PBXProject;
		attributes = {
			LastSwiftUpdateCheck = 1500;
			LastUpgradeCheck = 1500;
			TargetAttributes = {
				77A9AB70BCB9480D0E2567B5 = {
					LastSwiftMigration = 1500;
				};
			};
			ORGANIZATIONNAME = "";
		};
		buildConfigurationList = EE265EB7FED8A0902E459B73 /* Build configuration list for PBXProject "Overhear" */;
		compatibilityVersion = "Xcode 14.0";
		developmentRegion = en;
		hasScannedForEncodings = 0;
		knownRegions = (
			en,
		);
		mainGroup = 8C39F975C240A321E98F405C;
		productRefGroup = D2B8E6BF76808FD739F37E61 /* Products */;
		packageReferences = (
			88C9F04FA24C42FB8A939657 /* XCRemoteSwiftPackageReference "FluidAudio" */,
			7D8C4F6F0B5B4C32B3E3E6D9 /* XCRemoteSwiftPackageReference "mlx-swift-lm" */,
		);
		projectDirPath = "";
		projectRoot = "";
		targets = (
			77A9AB70BCB9480D0E2567B5 /* Overhear */,
		);
	};
/* End PBXProject section */

/* Begin PBXResourcesBuildPhase section */
	1549E9B5BB5355F9120D2A52 /* Resources */ = {
		isa = PBXResourcesBuildPhase;
		buildActionMask = 2147483647;
		files = (
			0F7E66604E78C6557390EB28 /* Assets.xcassets in Resources */,
		);
		runOnlyForDeploymentPostprocessing = 0;
	};
/* End PBXResourcesBuildPhase section */

/* Begin PBXSourcesBuildPhase section */
	D03A1A98F776E5AB7BD121A9 /* Sources */ = {
		isa = PBXSourcesBuildPhase;
		buildActionMask = 2147483647;
		files = (
			B09ACBBF34AF004C83A0835A /* OverhearApp.swift in Sources */,
			EDF853AFF500BEEA7B7EB51C /* AppDelegate.swift in Sources */,
			016A546E4C2C7638A8013832 /* AppContext.swift in Sources */,
			4C460327A9D08F6F394261F2 /* MenuBarController.swift in Sources */,
			C2D5E6CE6C1B18A934FB6917 /* MenuBarContentView.swift in Sources */,
			0E7293B8D630456E9682C251 /* MeetingRowView.swift in Sources */,
			C3BAC7E2A8CDBF78BAB8A332 /* Meeting.swift in Sources */,
			B1F0D0C1F1E201000000001B /* MeetingPlatform.swift in Sources */,
			104FDF64364D0379F6D338CC /* MeetingListViewModel.swift in Sources */,
			B1F0D0C1F1E2010000000015 /* HolidayDetector.swift in Sources */,
			B1F0D0C1F1E2010000000016 /* PlatformIconProvider.swift in Sources */,
			B1F0D0C1F1E201000000001C /* MenuBarIconProvider.swift in Sources */,
			B1F0D0C1F1E2010000000017 /* SharedTypes.swift in Sources */,
			B1F0D0C1F1E2010000000021 /* FileLogger.swift in Sources */,
			B1F0D0C1F1E2010000000012 /* AVAudioCaptureService.swift in Sources */,
			B1F0D0C1F1E2010000000013 /* MeetingRecordingManager.swift in Sources */,
			B1F0D0C1F1E2010000000022 /* MeetingRecordingCoordinator.swift in Sources */,
			B1F0D0C1F1E2010000000014 /* TranscriptionService.swift in Sources */,
			B945B1D3B9C848E6AB2763E6CCC2C64C /* AudioModels.swift in Sources */,
			A2AA394AFCDD414AA6082028123BD864 /* DiarizationEngineFactory.swift in Sources */,
			7361C4DA3E42422989068561EBA3080B /* DiarizationService.swift in Sources */,
			80FE5CAE940E4AD9869D8CE173ED4A23 /* FluidAudioAdapter.swift in Sources */,
			41F4A9477D1C4FA381E8935A8D269DDF /* MeetingRecordingPipeline.swift in Sources */,
			27CC46306D09405BBBB43617C1B33461 /* MLXAdapter.swift in Sources */,
			F1F5B2D21D0A4FC3A5E1C0D1 /* LocalLLMPipeline.swift in Sources */,
			F1F5B2D81D0A4FC3A5E1C0D1 /* PromptTemplate.swift in Sources */,
			F1F5B2DA1D0A4FC3A5E1C0D1 /* PromptTemplateRunner.swift in Sources */,
			F00D72B5D82E4C1FB9D77D0193C8C13C /* SummarizationService.swift in Sources */,
			B1F0D0C1F1E2010000000018 /* TranscriptStore.swift in Sources */,
			B1F0D0C1F1E2010000000019 /* TranscriptSearchView.swift in Sources */,
			B1F0D0C1F1E201000000001A /* TranscriptionView.swift in Sources */,
			5B3C1D4E6A9845A4B7F8C2DB /* TranscriptWindowController.swift in Sources */,
			4262CBB0E3604C7FA59F4AE320DC239C /* LiveNotesComponents.swift in Sources */,
			553ADF43BEB23110DAFF4EBC /* CalendarService.swift in Sources */,
			D735051D7A7D468EBDF47363AE10B0CD /* CalendarAccessHelper.swift in Sources */,
			B1F0D0C1F1E201000000001E /* NotificationHelper.swift in Sources */,
			B1F0D0C1F1E2010000000020 /* HotkeyManager.swift in Sources */,
			F1F5B2DC1D0A4FC3A5E1C0D1 /* AccessibilityHelper.swift in Sources */,
			672895B9E03830086B5E32E1 /* PreferencesService.swift in Sources */,
			F1F5B2D61D0A4FC3A5E1C0D1 /* MLXPreferences.swift in Sources */,
			7B4976A61FDC8DF74F991A16 /* PreferencesView.swift in Sources */,
			EAF99761927E193EB588F6CA /* PreferencesWindowController.swift in Sources */,
			B1F0D0C1F1E201000000001D /* PermissionsService.swift in Sources */,
			B1F0D0C1F1E2010000000011 /* Types.swift in Sources */,
				FD7D27912BBF20D900A5CB6F /* AutoRecordingCoordinator.swift in Sources */,
				FD7D27932BBF20EA00A5CB6F /* CallDetectionService.swift in Sources */,
				FD7D27952BBF20F500A5CB6F /* MicUsageMonitor.swift in Sources */,
				FD7D27972BBF20FE00A5CB6F /* RecordingStateIndicator.swift in Sources */,
				7807C47765C84ABC8AF39A36 /* RecordingStateProviding.swift in Sources */,
				A8D104984C5B4D2F9F975394 /* MeetingNotificationRouting.swift in Sources */,
		);
		runOnlyForDeploymentPostprocessing = 0;
	};
/* End PBXSourcesBuildPhase section */

/* Begin XCBuildConfiguration section */
	AE7B5B8DC42678F564D2D981 /* Debug */ = {
		isa = XCBuildConfiguration;
		buildSettings = {
			ASSETCATALOG_COMPILER_APPICON_NAME = AppIcon;
			CODE_SIGN_ENTITLEMENTS = Resources/Overhear.entitlements;
			CODE_SIGN_IDENTITY = "Developer ID Application";
			CODE_SIGN_STYLE = Manual;
			COMBINE_HIDPI_IMAGES = YES;
			CURRENT_PROJECT_VERSION = 1;
			DEVELOPMENT_TEAM = 6R7S5GA944;
			ENABLE_HARDENED_RUNTIME = YES;
			GENERATE_INFOPLIST_FILE = NO;
			INFOPLIST_FILE = Resources/Info.plist;
			LD_RUNPATH_SEARCH_PATHS = ("$(inherited)", "@executable_path/../Frameworks");
			MACOSX_DEPLOYMENT_TARGET = 14.0;
			MARKETING_VERSION = 0.1.0;
			PRODUCT_BUNDLE_IDENTIFIER = com.overhear.app;
			PRODUCT_NAME = "$(TARGET_NAME)";
			PROVISIONING_PROFILE_SPECIFIER = "";
			SDKROOT = macosx;
			SWIFT_EMIT_LOC_STRINGS = YES;
			SWIFT_VERSION = 5.0;
		};
		name = Debug;
	};
	E513CE8E625AEB6184583D15 /* Release */ = {
		isa = XCBuildConfiguration;
		buildSettings = {
			ASSETCATALOG_COMPILER_APPICON_NAME = AppIcon;
			CODE_SIGN_ENTITLEMENTS = Resources/Overhear.entitlements;
			CODE_SIGN_IDENTITY = "Developer ID Application";
			CODE_SIGN_STYLE = Manual;
			COMBINE_HIDPI_IMAGES = YES;
			CURRENT_PROJECT_VERSION = 1;
			DEVELOPMENT_TEAM = 6R7S5GA944;
			ENABLE_HARDENED_RUNTIME = YES;
			GENERATE_INFOPLIST_FILE = NO;
			INFOPLIST_FILE = Resources/Info.plist;
			LD_RUNPATH_SEARCH_PATHS = ("$(inherited)", "@executable_path/../Frameworks");
			MACOSX_DEPLOYMENT_TARGET = 14.0;
			MARKETING_VERSION = 0.1.0;
			PRODUCT_BUNDLE_IDENTIFIER = com.overhear.app;
			PRODUCT_NAME = "$(TARGET_NAME)";
			PROVISIONING_PROFILE_SPECIFIER = "";
			SDKROOT = macosx;
			SWIFT_EMIT_LOC_STRINGS = YES;
			SWIFT_VERSION = 5.0;
		};
		name = Release;
	};
	69B7F21EC53E0DA447DA6C10 /* Debug */ = {
		isa = XCBuildConfiguration;
		buildSettings = {
			ALWAYS_SEARCH_USER_PATHS = NO;
			CLANG_ANALYZER_NONNULL = YES;
			CLANG_ANALYZER_NUMBER_OBJECT_CONVERSION = YES_AGGRESSIVE;
			CLANG_CXX_LANGUAGE_STANDARD = "gnu++20";
			CLANG_ENABLE_MODULES = YES;
			CLANG_ENABLE_OBJC_ARC = YES;
			CLANG_ENABLE_OBJC_WEAK = YES;
			CLANG_WARN_BLOCK_CAPTURE_AUTORELEASING = YES;
			CLANG_WARN_BOOL_CONVERSION = YES;
			CLANG_WARN_COMMA = YES;
			CLANG_WARN_CONSTANT_CONVERSION = YES;
			CLANG_WARN_DEPRECATED_OBJC_IMPLEMENTATIONS = YES;
			CLANG_WARN_DIRECT_OBJC_ISA_USAGE = YES_ERROR;
			CLANG_WARN_DOCUMENTATION_COMMENTS = YES;
			CLANG_WARN_EMPTY_BODY = YES;
			CLANG_WARN_ENUM_CONVERSION = YES;
			CLANG_WARN_INFINITE_RECURSION = YES;
			CLANG_WARN_INT_CONVERSION = YES;
			CLANG_WARN_NON_LITERAL_NULL_CONVERSION = YES;
			CLANG_WARN_OBJC_IMPLICIT_RETAIN_SELF = YES;
			CLANG_WARN_OBJC_LITERAL_CONVERSION = YES;
			CLANG_WARN_QUOTED_INCLUDE_IN_FRAMEWORK_HEADER = YES;
			CLANG_WARN_RANGE_LOOP_ANALYSIS = YES;
			CLANG_WARN_STRICT_PROTOTYPES = YES;
			CLANG_WARN_SUSPICIOUS_MOVE = YES;
			CLANG_WARN_UNGUARDED_AVAILABILITY = YES_AGGRESSIVE;
			CLANG_WARN_UNREACHABLE_CODE = YES;
			CLANG_WARN__DUPLICATE_METHOD_MATCH = YES;
			COPY_PHASE_STRIP = NO;
			DEBUG_INFORMATION_FORMAT = dwarf;
			ENABLE_STRICT_OBJC_MSGSEND = YES;
			ENABLE_TESTABILITY = YES;
			GCC_C_LANGUAGE_STANDARD = gnu17;
			GCC_DYNAMIC_NO_PIC = NO;
			GCC_NO_COMMON_BLOCKS = YES;
			GCC_OPTIMIZATION_LEVEL = 0;
			GCC_PREPROCESSOR_DEFINITIONS = (
				"DEBUG=1",
				"$(inherited)",
			);
			GCC_WARN_64_TO_32_BIT_CONVERSION = YES;
			GCC_WARN_ABOUT_RETURN_TYPE = YES_ERROR;
			GCC_WARN_UNDECLARED_SELECTOR = YES;
			GCC_WARN_UNINITIALIZED_AUTOS = YES_AGGRESSIVE;
			GCC_WARN_UNUSED_FUNCTION = YES;
			GCC_WARN_UNUSED_VARIABLE = YES;
			MACOSX_DEPLOYMENT_TARGET = 14.0;
			MTL_ENABLE_DEBUG_INFO = INCLUDE_SOURCE;
			MTL_FAST_MATH = YES;
			ONLY_ACTIVE_ARCH = YES;
			SDKROOT = macosx;
			SWIFT_ACTIVE_COMPILATION_CONDITIONS = DEBUG;
			SWIFT_OPTIMIZATION_LEVEL = "-Onone";
		};
		name = Debug;
	};
	2B96F9A03043751176C47902 /* Release */ = {
		isa = XCBuildConfiguration;
		buildSettings = {
			ALWAYS_SEARCH_USER_PATHS = NO;
			CLANG_ANALYZER_NONNULL = YES;
			CLANG_ANALYZER_NUMBER_OBJECT_CONVERSION = YES_AGGRESSIVE;
			CLANG_CXX_LANGUAGE_STANDARD = "gnu++20";
			CLANG_ENABLE_MODULES = YES;
			CLANG_ENABLE_OBJC_ARC = YES;
			CLANG_ENABLE_OBJC_WEAK = YES;
			CLANG_WARN_BLOCK_CAPTURE_AUTORELEASING = YES;
			CLANG_WARN_BOOL_CONVERSION = YES;
			CLANG_WARN_COMMA = YES;
			CLANG_WARN_CONSTANT_CONVERSION = YES;
			CLANG_WARN_DEPRECATED_OBJC_IMPLEMENTATIONS = YES;
			CLANG_WARN_DIRECT_OBJC_ISA_USAGE = YES_ERROR;
			CLANG_WARN_DOCUMENTATION_COMMENTS = YES;
			CLANG_WARN_EMPTY_BODY = YES;
			CLANG_WARN_ENUM_CONVERSION = YES;
			CLANG_WARN_INFINITE_RECURSION = YES;
			CLANG_WARN_INT_CONVERSION = YES;
			CLANG_WARN_NON_LITERAL_NULL_CONVERSION = YES;
			CLANG_WARN_OBJC_IMPLICIT_RETAIN_SELF = YES;
			CLANG_WARN_OBJC_LITERAL_CONVERSION = YES;
			CLANG_WARN_QUOTED_INCLUDE_IN_FRAMEWORK_HEADER = YES;
			CLANG_WARN_RANGE_LOOP_ANALYSIS = YES;
			CLANG_WARN_STRICT_PROTOTYPES = YES;
			CLANG_WARN_SUSPICIOUS_MOVE = YES;
			CLANG_WARN_UNGUARDED_AVAILABILITY = YES_AGGRESSIVE;
			CLANG_WARN_UNREACHABLE_CODE = YES;
			CLANG_WARN__DUPLICATE_METHOD_MATCH = YES;
			COPY_PHASE_STRIP = NO;
			DEBUG_INFORMATION_FORMAT = "dwarf-with-dsym";
			ENABLE_NS_ASSERTIONS = NO;
			ENABLE_STRICT_OBJC_MSGSEND = YES;
			GCC_C_LANGUAGE_STANDARD = gnu17;
			GCC_NO_COMMON_BLOCKS = YES;
			GCC_WARN_64_TO_32_BIT_CONVERSION = YES;
			GCC_WARN_ABOUT_RETURN_TYPE = YES_ERROR;
			GCC_WARN_UNDECLARED_SELECTOR = YES;
			GCC_WARN_UNINITIALIZED_AUTOS = YES_AGGRESSIVE;
			GCC_WARN_UNUSED_FUNCTION = YES;
			GCC_WARN_UNUSED_VARIABLE = YES;
			MACOSX_DEPLOYMENT_TARGET = 14.0;
			MTL_ENABLE_DEBUG_INFO = NO;
			MTL_FAST_MATH = YES;
			SDKROOT = macosx;
			SWIFT_COMPILATION_MODE = wholemodule;
			SWIFT_OPTIMIZATION_LEVEL = "-O";
		};
		name = Release;
	};
/* End XCBuildConfiguration section */

/* Begin XCConfigurationList section */
	11DA417D0736C8ADF76AB320 /* Build configuration list for PBXNativeTarget "Overhear" */ = {
		isa = XCConfigurationList;
		buildConfigurations = (
			AE7B5B8DC42678F564D2D981 /* Debug */,
			E513CE8E625AEB6184583D15 /* Release */,
		);
		defaultConfigurationIsVisible = 0;
		defaultConfigurationName = Debug;
	};
	EE265EB7FED8A0902E459B73 /* Build configuration list for PBXProject "Overhear" */ = {
		isa = XCConfigurationList;
		buildConfigurations = (
			69B7F21EC53E0DA447DA6C10 /* Debug */,
			2B96F9A03043751176C47902 /* Release */,
		);
		defaultConfigurationIsVisible = 0;
		defaultConfigurationName = Debug;
	};
/* End XCConfigurationList section */

/* Begin XCRemoteSwiftPackageReference section */
		88C9F04FA24C42FB8A939657 /* XCRemoteSwiftPackageReference "FluidAudio" */ = {
			isa = XCRemoteSwiftPackageReference;
			repositoryURL = "https://github.com/FluidInference/FluidAudio.git";
			requirement = {
				kind = upToNextMajorVersion;
				minimumVersion = 0.7.11;
			};
		};
		7D8C4F6F0B5B4C32B3E3E6D9 /* XCRemoteSwiftPackageReference "mlx-swift-lm" */ = {
			isa = XCRemoteSwiftPackageReference;
			repositoryURL = "https://github.com/ml-explore/mlx-swift-lm.git";
			requirement = {
				kind = upToNextMinorVersion;
				minimumVersion = 2.29.1;
			};
		};
/* End XCRemoteSwiftPackageReference section */

/* Begin XCSwiftPackageProductDependency section */
		8C1DE61BFEDC45A39B3A7D65 /* FluidAudio */ = {
			isa = XCSwiftPackageProductDependency;
			package = 88C9F04FA24C42FB8A939657 /* XCRemoteSwiftPackageReference "FluidAudio" */;
			productName = FluidAudio;
		};
		7C4E1C6C7B2C4B5D8DDC7B2E /* MLXLLM */ = {
			isa = XCSwiftPackageProductDependency;
			package = 7D8C4F6F0B5B4C32B3E3E6D9 /* XCRemoteSwiftPackageReference "mlx-swift-lm" */;
			productName = MLXLLM;
		};
/* End XCSwiftPackageProductDependency section */

	};
	rootObject = F5D72C8DB1660CE48CC2B4D9 /* Project object */;
}
