// !$*UTF8*$!
{
	archiveVersion = 1;
	classes = {
	};
	objectVersion = 70;
	objects = {

/* Begin PBXBuildFile section */
		016A546E4C2C7638A8013832 /* AppContext.swift in Sources */ = {isa = PBXBuildFile; fileRef = B0753D3EBF878CDDA7278CF7 /* AppContext.swift */; };
		0BF6B2E92C00F0B700C8F9C7 /* UserDefaultsKeys.swift in Sources */ = {isa = PBXBuildFile; fileRef = 0BF6B2E82C00F0B700C8F9C7 /* UserDefaultsKeys.swift */; };
		0E7293B8D630456E9682C251 /* MeetingRowView.swift in Sources */ = {isa = PBXBuildFile; fileRef = 82CEE38B64F60141EA6DE7EE /* MeetingRowView.swift */; };
		0F7E66604E78C6557390EB28 /* Assets.xcassets in Resources */ = {isa = PBXBuildFile; fileRef = 8F31D34C5A2AFDA7D17E0476 /* Assets.xcassets */; };
		104FDF64364D0379F6D338CC /* MeetingListViewModel.swift in Sources */ = {isa = PBXBuildFile; fileRef = E591C5A0CD919B0CBADE2347 /* MeetingListViewModel.swift */; };
		27CC46306D09405BBBB43617C1B33461 /* MLXAdapter.swift in Sources */ = {isa = PBXBuildFile; fileRef = 94AEABBD11484B4C9905881B69F6E465 /* MLXAdapter.swift */; };
		41F4A9477D1C4FA381E8935A8D269DDF /* MeetingRecordingPipeline.swift in Sources */ = {isa = PBXBuildFile; fileRef = 01B63EE76EDA4773903755A3F251FCA5 /* MeetingRecordingPipeline.swift */; };
		4262CBB0E3604C7FA59F4AE320DC239C /* LiveNotesComponents.swift in Sources */ = {isa = PBXBuildFile; fileRef = 4BE9734EA47344D0AADB9A29CEB2593A /* LiveNotesComponents.swift */; };
		4C460327A9D08F6F394261F2 /* MenuBarController.swift in Sources */ = {isa = PBXBuildFile; fileRef = B9643B3F6CF09183E7E9EE4A /* MenuBarController.swift */; };
		4F3B5AF84C3E45B0A08C34E7 /* AISectionView.swift in Sources */ = {isa = PBXBuildFile; fileRef = EAD6B3F4B8C7410FB8F582C1 /* AISectionView.swift */; };
		553ADF43BEB23110DAFF4EBC /* CalendarService.swift in Sources */ = {isa = PBXBuildFile; fileRef = 05C7FE5C6BFB9491A6568F7C /* CalendarService.swift */; };
		5B3C1D4E6A9845A4B7F8C2DB /* TranscriptWindowController.swift in Sources */ = {isa = PBXBuildFile; fileRef = 5B3C1D4E6A9845A4B7F8C2DA /* TranscriptWindowController.swift */; };
		672895B9E03830086B5E32E1 /* PreferencesService.swift in Sources */ = {isa = PBXBuildFile; fileRef = 0467AC2803809ABEE6368BF8 /* PreferencesService.swift */; };
		7361C4DA3E42422989068561EBA3080B /* DiarizationService.swift in Sources */ = {isa = PBXBuildFile; fileRef = 75B740BF673544A594625D9ACC07BA8B /* DiarizationService.swift */; };
		7B4976A61FDC8DF74F991A16 /* PreferencesView.swift in Sources */ = {isa = PBXBuildFile; fileRef = E6760441C0977FD19F2B6838 /* PreferencesView.swift */; };
		80FE5CAE940E4AD9869D8CE173ED4A23 /* FluidAudioAdapter.swift in Sources */ = {isa = PBXBuildFile; fileRef = DF48982FAB834055A2AC3FAE79109395 /* FluidAudioAdapter.swift */; };
		A2AA394AFCDD414AA6082028123BD864 /* DiarizationEngineFactory.swift in Sources */ = {isa = PBXBuildFile; fileRef = 92836CB09DD3497BBCB5A20B5D645F09 /* DiarizationEngineFactory.swift */; };
		B09ACBBF34AF004C83A0835A /* OverhearApp.swift in Sources */ = {isa = PBXBuildFile; fileRef = C5563B52A06A54C980A22A14 /* OverhearApp.swift */; };
		B1F0D0C1F1E2010000000011 /* Types.swift in Sources */ = {isa = PBXBuildFile; fileRef = A1F0D0C1F1E2010000000001 /* Types.swift */; };
		B1F0D0C1F1E2010000000012 /* AVAudioCaptureService.swift in Sources */ = {isa = PBXBuildFile; fileRef = A1F0D0C1F1E2010000000002 /* AVAudioCaptureService.swift */; };
		B1F0D0C1F1E2010000000013 /* MeetingRecordingManager.swift in Sources */ = {isa = PBXBuildFile; fileRef = A1F0D0C1F1E2010000000003 /* MeetingRecordingManager.swift */; };
		0056C689E88140AC9878C61A /* MeetingRecordingManager+Notes.swift in Sources */ = {isa = PBXBuildFile; fileRef = 8C85F9826FF345A5A84E023F /* MeetingRecordingManager+Notes.swift */; };
		B1F0D0C1F1E2010000000014 /* TranscriptionService.swift in Sources */ = {isa = PBXBuildFile; fileRef = A1F0D0C1F1E2010000000004 /* TranscriptionService.swift */; };
		B1F0D0C1F1E2010000000015 /* HolidayDetector.swift in Sources */ = {isa = PBXBuildFile; fileRef = A1F0D0C1F1E2010000000005 /* HolidayDetector.swift */; };
		B1F0D0C1F1E2010000000016 /* PlatformIconProvider.swift in Sources */ = {isa = PBXBuildFile; fileRef = A1F0D0C1F1E2010000000006 /* PlatformIconProvider.swift */; };
		B1F0D0C1F1E2010000000017 /* SharedTypes.swift in Sources */ = {isa = PBXBuildFile; fileRef = A1F0D0C1F1E2010000000007 /* SharedTypes.swift */; };
		B1F0D0C1F1E2010000000018 /* TranscriptStore.swift in Sources */ = {isa = PBXBuildFile; fileRef = A1F0D0C1F1E2010000000008 /* TranscriptStore.swift */; };
		B1F0D0C1F1E2010000000019 /* TranscriptSearchView.swift in Sources */ = {isa = PBXBuildFile; fileRef = A1F0D0C1F1E2010000000009 /* TranscriptSearchView.swift */; };
		B1F0D0C1F1E201000000001A /* TranscriptionView.swift in Sources */ = {isa = PBXBuildFile; fileRef = A1F0D0C1F1E201000000000A /* TranscriptionView.swift */; };
		B1F0D0C1F1E201000000001B /* MeetingPlatform.swift in Sources */ = {isa = PBXBuildFile; fileRef = A1F0D0C1F1E201000000000B /* MeetingPlatform.swift */; };
		B1F0D0C1F1E201000000001C /* MenuBarIconProvider.swift in Sources */ = {isa = PBXBuildFile; fileRef = A1F0D0C1F1E201000000000C /* MenuBarIconProvider.swift */; };
		B1F0D0C1F1E201000000001D /* PermissionsService.swift in Sources */ = {isa = PBXBuildFile; fileRef = A1F0D0C1F1E201000000000D /* PermissionsService.swift */; };
		B1F0D0C1F1E201000000001E /* NotificationHelper.swift in Sources */ = {isa = PBXBuildFile; fileRef = A1F0D0C1F1E201000000000E /* NotificationHelper.swift */; };
		B1F0D0C1F1E2010000000020 /* HotkeyManager.swift in Sources */ = {isa = PBXBuildFile; fileRef = A1F0D0C1F1E201000000000F /* HotkeyManager.swift */; };
		B1F0D0C1F1E2010000000021 /* FileLogger.swift in Sources */ = {isa = PBXBuildFile; fileRef = A1F0D0C1F1E2010000000010 /* FileLogger.swift */; };
		B1F0D0C1F1E2010000000022 /* MeetingRecordingCoordinator.swift in Sources */ = {isa = PBXBuildFile; fileRef = A1F0D0C1F1E2010000000011 /* MeetingRecordingCoordinator.swift */; };
		B6D0B2A219F53F31AD9C3EB3 /* FluidAudio in Frameworks */ = {isa = PBXBuildFile; productRef = 8C1DE61BFEDC45A39B3A7D65 /* FluidAudio */; };
		B945B1D3B9C848E6AB2763E6CCC2C64C /* AudioModels.swift in Sources */ = {isa = PBXBuildFile; fileRef = 93CC832006A740B8BAECB5CE64314F3B /* AudioModels.swift */; };
		C2D5E6CE6C1B18A934FB6917 /* MenuBarContentView.swift in Sources */ = {isa = PBXBuildFile; fileRef = D12220410D1DBBF18A9BA1D0 /* MenuBarContentView.swift */; };
		C3BAC7E2A8CDBF78BAB8A332 /* Meeting.swift in Sources */ = {isa = PBXBuildFile; fileRef = 1126CA13260065D9BC095422 /* Meeting.swift */; };
		D735051D7A7D468EBDF47363AE10B0CD /* CalendarAccessHelper.swift in Sources */ = {isa = PBXBuildFile; fileRef = 14628F1AFD8E4DE1871ECE76491BDC42 /* CalendarAccessHelper.swift */; };
		E7D5B8A7F5CB4F5BB8D02F1A /* MLXLLM in Frameworks */ = {isa = PBXBuildFile; productRef = 7C4E1C6C7B2C4B5D8DDC7B2E /* MLXLLM */; };
		EAF99761927E193EB588F6CA /* PreferencesWindowController.swift in Sources */ = {isa = PBXBuildFile; fileRef = C268D5AFB48081C5B8477301 /* PreferencesWindowController.swift */; };
		EDF853AFF500BEEA7B7EB51C /* AppDelegate.swift in Sources */ = {isa = PBXBuildFile; fileRef = C01606FEE32B43E2DE0C9D8E /* AppDelegate.swift */; };
		F00D72B5D82E4C1FB9D77D0193C8C13C /* SummarizationService.swift in Sources */ = {isa = PBXBuildFile; fileRef = B31D9D453E9E4C2DA49DC1512163E0EB /* SummarizationService.swift */; };
		F1F5B2D21D0A4FC3A5E1C0D1 /* LocalLLMPipeline.swift in Sources */ = {isa = PBXBuildFile; fileRef = F1F5B2D11D0A4FC3A5E1C0D1 /* LocalLLMPipeline.swift */; };
		F1F5B2D61D0A4FC3A5E1C0D1 /* MLXPreferences.swift in Sources */ = {isa = PBXBuildFile; fileRef = F1F5B2D51D0A4FC3A5E1C0D1 /* MLXPreferences.swift */; };
		F1F5B2D81D0A4FC3A5E1C0D1 /* PromptTemplate.swift in Sources */ = {isa = PBXBuildFile; fileRef = F1F5B2D71D0A4FC3A5E1C0D1 /* PromptTemplate.swift */; };
		F1F5B2DA1D0A4FC3A5E1C0D1 /* PromptTemplateRunner.swift in Sources */ = {isa = PBXBuildFile; fileRef = F1F5B2D91D0A4FC3A5E1C0D1 /* PromptTemplateRunner.swift */; };
		F1F5B2DC1D0A4FC3A5E1C0D1 /* AccessibilityHelper.swift in Sources */ = {isa = PBXBuildFile; fileRef = F1F5B2DB1D0A4FC3A5E1C0D1 /* AccessibilityHelper.swift */; };
		FD7D27912BBF20D900A5CB6F /* Sources/Features/Automation/AutoRecordingCoordinator.swift in Sources */ = {isa = PBXBuildFile; fileRef = FD7D27902BBF20D900A5CB6F /* Sources/Features/Automation/AutoRecordingCoordinator.swift */; };
		FD7D27932BBF20EA00A5CB6F /* Sources/Features/Automation/CallDetectionService.swift in Sources */ = {isa = PBXBuildFile; fileRef = FD7D27922BBF20EA00A5CB6F /* Sources/Features/Automation/CallDetectionService.swift */; };
		FD7D27952BBF20F500A5CB6F /* Sources/Features/Automation/MicUsageMonitor.swift in Sources */ = {isa = PBXBuildFile; fileRef = FD7D27942BBF20F500A5CB6F /* Sources/Features/Automation/MicUsageMonitor.swift */; };
		FD7D27972BBF20FE00A5CB6F /* Sources/Features/Automation/RecordingStateIndicator.swift in Sources */ = {isa = PBXBuildFile; fileRef = FD7D27962BBF20FE00A5CB6F /* Sources/Features/Automation/RecordingStateIndicator.swift */; };
		FD7D27A12BBF210001A5CB6F /* Sources/Features/Automation/MeetingNotificationRouting.swift in Sources */ = {isa = PBXBuildFile; fileRef = FD7D27A02BBF210001A5CB6F /* Sources/Features/Automation/MeetingNotificationRouting.swift */; };
		FD7D27A32BBF210001A5CB6F /* Sources/Features/Automation/NotificationDeduperFactory.swift in Sources */ = {isa = PBXBuildFile; fileRef = FD7D27A22BBF210001A5CB6F /* Sources/Features/Automation/NotificationDeduperFactory.swift */; };
		FD7D27A52BBF210001A5CB6F /* Sources/Features/Automation/RecordingStateGate.swift in Sources */ = {isa = PBXBuildFile; fileRef = FD7D27A42BBF210001A5CB6F /* Sources/Features/Automation/RecordingStateGate.swift */; };
		FD7D27A72BBF210001A5CB6F /* Sources/Features/Automation/RecordingStateProviding.swift in Sources */ = {isa = PBXBuildFile; fileRef = FD7D27A62BBF210001A5CB6F /* Sources/Features/Automation/RecordingStateProviding.swift */; };
		6D63E4CD667544949F91C0FC /* AudioModelTests.swift in Sources */ = {isa = PBXBuildFile; fileRef = 7A8E1E7D44D64EDA84BF6663 /* AudioModelTests.swift */; };
		615BC92EBCD2486486AD1726 /* AutoRecordingCoordinatorManualTests.swift in Sources */ = {isa = PBXBuildFile; fileRef = 4542DC064F5F46259E604EF0 /* AutoRecordingCoordinatorManualTests.swift */; };
		DF88D9B1E2E0418D990522D6 /* AutoRecordingCoordinatorTests.swift in Sources */ = {isa = PBXBuildFile; fileRef = 7D1DC0E3DF5B4FFD9CB66364 /* AutoRecordingCoordinatorTests.swift */; };
		5D03603253A74D7A8DF67E17 /* AVAudioCaptureServiceSessionTests.swift in Sources */ = {isa = PBXBuildFile; fileRef = 4C043979345543C8924DE8EB /* AVAudioCaptureServiceSessionTests.swift */; };
		9F812DC08E2F49F5A47CA603 /* BufferLoggingTests.swift in Sources */ = {isa = PBXBuildFile; fileRef = CB5954996F624914980F7232 /* BufferLoggingTests.swift */; };
		F2DCA94C4982488284AED453 /* CalendarAccessHelperTests.swift in Sources */ = {isa = PBXBuildFile; fileRef = E8046A0513D64FEDA0E2B941 /* CalendarAccessHelperTests.swift */; };
		9FCCC07FD82B431A85013A24 /* CallDetectionServiceTests.swift in Sources */ = {isa = PBXBuildFile; fileRef = 1968EA57B9754A829D25D649 /* CallDetectionServiceTests.swift */; };
		6A4771FD7BD7417595ACD193 /* DebouncerTests.swift in Sources */ = {isa = PBXBuildFile; fileRef = C34792AC27AD4A968F44B112 /* DebouncerTests.swift */; };
		09F06059E342406E95014930 /* NotesSaveQueueTests.swift in Sources */ = {isa = PBXBuildFile; fileRef = A08D16305777442385477DB4 /* NotesSaveQueueTests.swift */; };
		06F6C982DDCE49DAB34BAC67 /* FluidAudioConfigurationTests.swift in Sources */ = {isa = PBXBuildFile; fileRef = B7AA8813CAD64EF6B8284392 /* FluidAudioConfigurationTests.swift */; };
		EDC757C7238D462EAEF5B389 /* HotkeyBindingTests.swift in Sources */ = {isa = PBXBuildFile; fileRef = 83D2DF21C9A54C68A8A37669 /* HotkeyBindingTests.swift */; };
		C728E95AF0E54F27A422A2B0 /* LocalLLMPipelineFallbackTests.swift in Sources */ = {isa = PBXBuildFile; fileRef = B78B8BFDD4EA47A59ABF3A2D /* LocalLLMPipelineFallbackTests.swift */; };
		192FBF6D989F4E98B38D5BAB /* LocalLLMPipelineTests.swift in Sources */ = {isa = PBXBuildFile; fileRef = E5575CB6BCCB4D678B04A7A8 /* LocalLLMPipelineTests.swift */; };
		14CFAF2622DF464EBE34F58D /* LocalLLMPipelineWarmupTests.swift in Sources */ = {isa = PBXBuildFile; fileRef = 6EDED4C11CD3482C9D8035A3 /* LocalLLMPipelineWarmupTests.swift */; };
		E6107A2D9B714C8DB8DA3830 /* MeetingPlatformTests.swift in Sources */ = {isa = PBXBuildFile; fileRef = B28E3C44090641149751CEAE /* MeetingPlatformTests.swift */; };
		9A77A7EA6C64434B9FB9E3F4 /* MeetingRecordingManagerNotesLogicTests.swift in Sources */ = {isa = PBXBuildFile; fileRef = 9673055C063046FC87E71DC5 /* MeetingRecordingManagerNotesLogicTests.swift */; };
		8F2FCF90F3EE419BA50A6982 /* MeetingRecordingManagerSegmentTests.swift in Sources */ = {isa = PBXBuildFile; fileRef = 70550638786040B4A418787D /* MeetingRecordingManagerSegmentTests.swift */; };
		AFB15BE79CF24D5BA1B19855 /* MeetingRecordingManagerStreamingMonitorTests.swift in Sources */ = {isa = PBXBuildFile; fileRef = 7A05C6AB40AC4C59AE67AF0D /* MeetingRecordingManagerStreamingMonitorTests.swift */; };
		0257D6831990478E990A45A3 /* MicUsageMonitorTests.swift in Sources */ = {isa = PBXBuildFile; fileRef = 0C3783BFCB0D4CF19D2D4CD7 /* MicUsageMonitorTests.swift */; };
		C7FC8630055E41EF821B2F3D /* MLXPreferencesTests.swift in Sources */ = {isa = PBXBuildFile; fileRef = 85660D6592F248C08E4A05F7 /* MLXPreferencesTests.swift */; };
		B6639FBA2ACA454893EB0791 /* NotificationDeduperTests.swift in Sources */ = {isa = PBXBuildFile; fileRef = 0B20D735AA7546DA903EB84C /* NotificationDeduperTests.swift */; };
		091B0C669F264EA780555A92 /* NotificationHelperAdapterTests.swift in Sources */ = {isa = PBXBuildFile; fileRef = 3A4871452EE0433F81587952 /* NotificationHelperAdapterTests.swift */; };
		6E16DEAA686A484EB8D88E0A /* NotificationHelperTests.swift in Sources */ = {isa = PBXBuildFile; fileRef = 939623C33288464998FDB4BC /* NotificationHelperTests.swift */; };
		057F88BCF1734B059F98E8D4 /* PlatformIconProviderTests.swift in Sources */ = {isa = PBXBuildFile; fileRef = 74028039971445BEA55E2BFE /* PlatformIconProviderTests.swift */; };
		A99EDDC195ED492DBEA41238 /* PreferencesServiceTests.swift in Sources */ = {isa = PBXBuildFile; fileRef = 35A39CB77D524CAE9F105CD7 /* PreferencesServiceTests.swift */; };
		FF8151D12AF04732A8E4466B /* PromptTemplateTests.swift in Sources */ = {isa = PBXBuildFile; fileRef = 2C1EB89DBEFA408689A5F63E /* PromptTemplateTests.swift */; };
		26F06C29258647CFB8E5F1B4 /* RecordingStateGateActorTests.swift in Sources */ = {isa = PBXBuildFile; fileRef = 8DDC408B454048B8B33515A0 /* RecordingStateGateActorTests.swift */; };
		557D8BDD650642088B8E2AE5 /* RecordingStateGateTests.swift in Sources */ = {isa = PBXBuildFile; fileRef = 6C071B2781D94B77A9041557 /* RecordingStateGateTests.swift */; };
		AB2D8CF8E96144E99AB4A4DC /* TranscriptStoreBypassLoggingTests.swift in Sources */ = {isa = PBXBuildFile; fileRef = 7984B4E4C2994D7E971A0F66 /* TranscriptStoreBypassLoggingTests.swift */; };
		165DCE661CBA4213834AE14D /* TranscriptStoreKeychainBypassTests.swift in Sources */ = {isa = PBXBuildFile; fileRef = D652989DA1A1456985ADA416 /* TranscriptStoreKeychainBypassTests.swift */; };
		4493578F1234446C8E3D0B07 /* TranscriptStoreTests.swift in Sources */ = {isa = PBXBuildFile; fileRef = 47710E8EA5CD491B8ED916E2 /* TranscriptStoreTests.swift */; };
		486F3723BF90415AB122A2E2 /* TranscriptStoreUpdateTests.swift in Sources */ = {isa = PBXBuildFile; fileRef = 4C16FC6CFA97442EAA5F899E /* TranscriptStoreUpdateTests.swift */; };
/* End PBXBuildFile section */

/* Begin PBXContainerItemProxy section */
		53EA35FA2F1BAFD400145A47 /* PBXContainerItemProxy */ = {
			isa = PBXContainerItemProxy;
			containerPortal = F5D72C8DB1660CE48CC2B4D9 /* Project object */;
			proxyType = 1;
			remoteGlobalIDString = 77A9AB70BCB9480D0E2567B5;
			remoteInfo = Overhear;
		};
/* End PBXContainerItemProxy section */

/* Begin PBXFileReference section */
		01B63EE76EDA4773903755A3F251FCA5 /* MeetingRecordingPipeline.swift */ = {isa = PBXFileReference; lastKnownFileType = sourcecode.swift; path = MeetingRecordingPipeline.swift; sourceTree = "<group>"; };
		0467AC2803809ABEE6368BF8 /* PreferencesService.swift */ = {isa = PBXFileReference; lastKnownFileType = sourcecode.swift; path = PreferencesService.swift; sourceTree = "<group>"; };
		05C7FE5C6BFB9491A6568F7C /* CalendarService.swift */ = {isa = PBXFileReference; lastKnownFileType = sourcecode.swift; path = CalendarService.swift; sourceTree = "<group>"; };
		0BF6B2E82C00F0B700C8F9C7 /* UserDefaultsKeys.swift */ = {isa = PBXFileReference; lastKnownFileType = sourcecode.swift; path = UserDefaultsKeys.swift; sourceTree = "<group>"; };
		1126CA13260065D9BC095422 /* Meeting.swift */ = {isa = PBXFileReference; lastKnownFileType = sourcecode.swift; path = Meeting.swift; sourceTree = "<group>"; };
		14628F1AFD8E4DE1871ECE76491BDC42 /* CalendarAccessHelper.swift */ = {isa = PBXFileReference; lastKnownFileType = sourcecode.swift; path = CalendarAccessHelper.swift; sourceTree = "<group>"; };
		4BE9734EA47344D0AADB9A29CEB2593A /* LiveNotesComponents.swift */ = {isa = PBXFileReference; lastKnownFileType = sourcecode.swift; path = LiveNotesComponents.swift; sourceTree = "<group>"; };
		53EA35F62F1BAFD400145A47 /* OverhearTests.xctest */ = {isa = PBXFileReference; explicitFileType = wrapper.cfbundle; includeInIndex = 0; path = OverhearTests.xctest; sourceTree = BUILT_PRODUCTS_DIR; };
		5B3C1D4E6A9845A4B7F8C2DA /* TranscriptWindowController.swift */ = {isa = PBXFileReference; lastKnownFileType = sourcecode.swift; path = TranscriptWindowController.swift; sourceTree = "<group>"; };
		75B740BF673544A594625D9ACC07BA8B /* DiarizationService.swift */ = {isa = PBXFileReference; lastKnownFileType = sourcecode.swift; path = DiarizationService.swift; sourceTree = "<group>"; };
		82CEE38B64F60141EA6DE7EE /* MeetingRowView.swift */ = {isa = PBXFileReference; lastKnownFileType = sourcecode.swift; path = MeetingRowView.swift; sourceTree = "<group>"; };
		8AF60D2CD395349366EFBB74 /* Info.plist */ = {isa = PBXFileReference; lastKnownFileType = text.plist.xml; path = Info.plist; sourceTree = "<group>"; };
		8F31D34C5A2AFDA7D17E0476 /* Assets.xcassets */ = {isa = PBXFileReference; lastKnownFileType = folder.assetcatalog; path = Assets.xcassets; sourceTree = "<group>"; };
		92836CB09DD3497BBCB5A20B5D645F09 /* DiarizationEngineFactory.swift */ = {isa = PBXFileReference; lastKnownFileType = sourcecode.swift; path = DiarizationEngineFactory.swift; sourceTree = "<group>"; };
		93CC832006A740B8BAECB5CE64314F3B /* AudioModels.swift */ = {isa = PBXFileReference; lastKnownFileType = sourcecode.swift; path = AudioModels.swift; sourceTree = "<group>"; };
		94AEABBD11484B4C9905881B69F6E465 /* MLXAdapter.swift */ = {isa = PBXFileReference; lastKnownFileType = sourcecode.swift; path = MLXAdapter.swift; sourceTree = "<group>"; };
		9B8CFC582D8E4C5F9F6D5E5A /* Overhear.entitlements */ = {isa = PBXFileReference; lastKnownFileType = text.plist.entitlements; path = Overhear.entitlements; sourceTree = "<group>"; };
		A1F0D0C1F1E2010000000001 /* Types.swift */ = {isa = PBXFileReference; lastKnownFileType = sourcecode.swift; path = Types.swift; sourceTree = "<group>"; };
		A1F0D0C1F1E2010000000002 /* AVAudioCaptureService.swift */ = {isa = PBXFileReference; lastKnownFileType = sourcecode.swift; path = AVAudioCaptureService.swift; sourceTree = "<group>"; };
		A1F0D0C1F1E2010000000003 /* MeetingRecordingManager.swift */ = {isa = PBXFileReference; lastKnownFileType = sourcecode.swift; path = MeetingRecordingManager.swift; sourceTree = "<group>"; };
		8C85F9826FF345A5A84E023F /* MeetingRecordingManager+Notes.swift */ = {isa = PBXFileReference; lastKnownFileType = sourcecode.swift; path = "MeetingRecordingManager+Notes.swift"; sourceTree = "<group>"; };
		A1F0D0C1F1E2010000000004 /* TranscriptionService.swift */ = {isa = PBXFileReference; lastKnownFileType = sourcecode.swift; path = TranscriptionService.swift; sourceTree = "<group>"; };
		A1F0D0C1F1E2010000000005 /* HolidayDetector.swift */ = {isa = PBXFileReference; lastKnownFileType = sourcecode.swift; path = HolidayDetector.swift; sourceTree = "<group>"; };
		A1F0D0C1F1E2010000000006 /* PlatformIconProvider.swift */ = {isa = PBXFileReference; lastKnownFileType = sourcecode.swift; path = PlatformIconProvider.swift; sourceTree = "<group>"; };
		A1F0D0C1F1E2010000000007 /* SharedTypes.swift */ = {isa = PBXFileReference; lastKnownFileType = sourcecode.swift; path = SharedTypes.swift; sourceTree = "<group>"; };
		A1F0D0C1F1E2010000000008 /* TranscriptStore.swift */ = {isa = PBXFileReference; lastKnownFileType = sourcecode.swift; path = TranscriptStore.swift; sourceTree = "<group>"; };
		A1F0D0C1F1E2010000000009 /* TranscriptSearchView.swift */ = {isa = PBXFileReference; lastKnownFileType = sourcecode.swift; path = TranscriptSearchView.swift; sourceTree = "<group>"; };
		A1F0D0C1F1E201000000000A /* TranscriptionView.swift */ = {isa = PBXFileReference; lastKnownFileType = sourcecode.swift; path = TranscriptionView.swift; sourceTree = "<group>"; };
		A1F0D0C1F1E201000000000B /* MeetingPlatform.swift */ = {isa = PBXFileReference; lastKnownFileType = sourcecode.swift; path = MeetingPlatform.swift; sourceTree = "<group>"; };
		A1F0D0C1F1E201000000000C /* MenuBarIconProvider.swift */ = {isa = PBXFileReference; lastKnownFileType = sourcecode.swift; path = MenuBarIconProvider.swift; sourceTree = "<group>"; };
		A1F0D0C1F1E201000000000D /* PermissionsService.swift */ = {isa = PBXFileReference; lastKnownFileType = sourcecode.swift; path = PermissionsService.swift; sourceTree = "<group>"; };
		A1F0D0C1F1E201000000000E /* NotificationHelper.swift */ = {isa = PBXFileReference; lastKnownFileType = sourcecode.swift; path = NotificationHelper.swift; sourceTree = "<group>"; };
		A1F0D0C1F1E201000000000F /* HotkeyManager.swift */ = {isa = PBXFileReference; lastKnownFileType = sourcecode.swift; path = HotkeyManager.swift; sourceTree = "<group>"; };
		A1F0D0C1F1E2010000000010 /* FileLogger.swift */ = {isa = PBXFileReference; lastKnownFileType = sourcecode.swift; path = FileLogger.swift; sourceTree = "<group>"; };
		A1F0D0C1F1E2010000000011 /* MeetingRecordingCoordinator.swift */ = {isa = PBXFileReference; lastKnownFileType = sourcecode.swift; path = MeetingRecordingCoordinator.swift; sourceTree = "<group>"; };
		B0753D3EBF878CDDA7278CF7 /* AppContext.swift */ = {isa = PBXFileReference; lastKnownFileType = sourcecode.swift; path = AppContext.swift; sourceTree = "<group>"; };
		B31D9D453E9E4C2DA49DC1512163E0EB /* SummarizationService.swift */ = {isa = PBXFileReference; lastKnownFileType = sourcecode.swift; path = SummarizationService.swift; sourceTree = "<group>"; };
		B450443A64541675999965EF /* Overhear.app */ = {isa = PBXFileReference; explicitFileType = wrapper.application; includeInIndex = 0; path = Overhear.app; sourceTree = BUILT_PRODUCTS_DIR; };
		B9643B3F6CF09183E7E9EE4A /* MenuBarController.swift */ = {isa = PBXFileReference; lastKnownFileType = sourcecode.swift; path = MenuBarController.swift; sourceTree = "<group>"; };
		C01606FEE32B43E2DE0C9D8E /* AppDelegate.swift */ = {isa = PBXFileReference; lastKnownFileType = sourcecode.swift; path = AppDelegate.swift; sourceTree = "<group>"; };
		C268D5AFB48081C5B8477301 /* PreferencesWindowController.swift */ = {isa = PBXFileReference; lastKnownFileType = sourcecode.swift; path = PreferencesWindowController.swift; sourceTree = "<group>"; };
		C5563B52A06A54C980A22A14 /* OverhearApp.swift */ = {isa = PBXFileReference; lastKnownFileType = sourcecode.swift; path = OverhearApp.swift; sourceTree = "<group>"; };
		D12220410D1DBBF18A9BA1D0 /* MenuBarContentView.swift */ = {isa = PBXFileReference; lastKnownFileType = sourcecode.swift; path = MenuBarContentView.swift; sourceTree = "<group>"; };
		DF48982FAB834055A2AC3FAE79109395 /* FluidAudioAdapter.swift */ = {isa = PBXFileReference; lastKnownFileType = sourcecode.swift; path = FluidAudioAdapter.swift; sourceTree = "<group>"; };
		E591C5A0CD919B0CBADE2347 /* MeetingListViewModel.swift */ = {isa = PBXFileReference; lastKnownFileType = sourcecode.swift; path = MeetingListViewModel.swift; sourceTree = "<group>"; };
		E6760441C0977FD19F2B6838 /* PreferencesView.swift */ = {isa = PBXFileReference; lastKnownFileType = sourcecode.swift; path = PreferencesView.swift; sourceTree = "<group>"; };
		EAD6B3F4B8C7410FB8F582C1 /* AISectionView.swift */ = {isa = PBXFileReference; lastKnownFileType = sourcecode.swift; path = AISectionView.swift; sourceTree = "<group>"; };
		F1F5B2D11D0A4FC3A5E1C0D1 /* LocalLLMPipeline.swift */ = {isa = PBXFileReference; lastKnownFileType = sourcecode.swift; path = LocalLLMPipeline.swift; sourceTree = "<group>"; };
		F1F5B2D51D0A4FC3A5E1C0D1 /* MLXPreferences.swift */ = {isa = PBXFileReference; lastKnownFileType = sourcecode.swift; path = MLXPreferences.swift; sourceTree = "<group>"; };
		F1F5B2D71D0A4FC3A5E1C0D1 /* PromptTemplate.swift */ = {isa = PBXFileReference; lastKnownFileType = sourcecode.swift; path = PromptTemplate.swift; sourceTree = "<group>"; };
		F1F5B2D91D0A4FC3A5E1C0D1 /* PromptTemplateRunner.swift */ = {isa = PBXFileReference; lastKnownFileType = sourcecode.swift; path = PromptTemplateRunner.swift; sourceTree = "<group>"; };
		F1F5B2DB1D0A4FC3A5E1C0D1 /* AccessibilityHelper.swift */ = {isa = PBXFileReference; lastKnownFileType = sourcecode.swift; path = AccessibilityHelper.swift; sourceTree = "<group>"; };
		FD7D27902BBF20D900A5CB6F /* AutoRecordingCoordinator.swift */ = {isa = PBXFileReference; lastKnownFileType = sourcecode.swift; path = AutoRecordingCoordinator.swift; sourceTree = "<group>"; };
		FD7D27922BBF20EA00A5CB6F /* CallDetectionService.swift */ = {isa = PBXFileReference; lastKnownFileType = sourcecode.swift; path = CallDetectionService.swift; sourceTree = "<group>"; };
		FD7D27942BBF20F500A5CB6F /* MicUsageMonitor.swift */ = {isa = PBXFileReference; lastKnownFileType = sourcecode.swift; path = MicUsageMonitor.swift; sourceTree = "<group>"; };
		FD7D27962BBF20FE00A5CB6F /* RecordingStateIndicator.swift */ = {isa = PBXFileReference; lastKnownFileType = sourcecode.swift; path = RecordingStateIndicator.swift; sourceTree = "<group>"; };
		FD7D27A02BBF210001A5CB6F /* MeetingNotificationRouting.swift */ = {isa = PBXFileReference; lastKnownFileType = sourcecode.swift; path = MeetingNotificationRouting.swift; sourceTree = "<group>"; };
		FD7D27A22BBF210001A5CB6F /* NotificationDeduperFactory.swift */ = {isa = PBXFileReference; lastKnownFileType = sourcecode.swift; path = NotificationDeduperFactory.swift; sourceTree = "<group>"; };
		FD7D27A42BBF210001A5CB6F /* RecordingStateGate.swift */ = {isa = PBXFileReference; lastKnownFileType = sourcecode.swift; path = RecordingStateGate.swift; sourceTree = "<group>"; };
		FD7D27A62BBF210001A5CB6F /* RecordingStateProviding.swift */ = {isa = PBXFileReference; lastKnownFileType = sourcecode.swift; path = RecordingStateProviding.swift; sourceTree = "<group>"; };
		7A8E1E7D44D64EDA84BF6663 /* AudioModelTests.swift */ = {isa = PBXFileReference; lastKnownFileType = sourcecode.swift; path = AudioModelTests.swift; sourceTree = "<group>"; };
		4542DC064F5F46259E604EF0 /* AutoRecordingCoordinatorManualTests.swift */ = {isa = PBXFileReference; lastKnownFileType = sourcecode.swift; path = AutoRecordingCoordinatorManualTests.swift; sourceTree = "<group>"; };
		7D1DC0E3DF5B4FFD9CB66364 /* AutoRecordingCoordinatorTests.swift */ = {isa = PBXFileReference; lastKnownFileType = sourcecode.swift; path = AutoRecordingCoordinatorTests.swift; sourceTree = "<group>"; };
		4C043979345543C8924DE8EB /* AVAudioCaptureServiceSessionTests.swift */ = {isa = PBXFileReference; lastKnownFileType = sourcecode.swift; path = AVAudioCaptureServiceSessionTests.swift; sourceTree = "<group>"; };
		CB5954996F624914980F7232 /* BufferLoggingTests.swift */ = {isa = PBXFileReference; lastKnownFileType = sourcecode.swift; path = BufferLoggingTests.swift; sourceTree = "<group>"; };
		E8046A0513D64FEDA0E2B941 /* CalendarAccessHelperTests.swift */ = {isa = PBXFileReference; lastKnownFileType = sourcecode.swift; path = CalendarAccessHelperTests.swift; sourceTree = "<group>"; };
		1968EA57B9754A829D25D649 /* CallDetectionServiceTests.swift */ = {isa = PBXFileReference; lastKnownFileType = sourcecode.swift; path = CallDetectionServiceTests.swift; sourceTree = "<group>"; };
		C34792AC27AD4A968F44B112 /* DebouncerTests.swift */ = {isa = PBXFileReference; lastKnownFileType = sourcecode.swift; path = DebouncerTests.swift; sourceTree = "<group>"; };
		B7AA8813CAD64EF6B8284392 /* FluidAudioConfigurationTests.swift */ = {isa = PBXFileReference; lastKnownFileType = sourcecode.swift; path = FluidAudioConfigurationTests.swift; sourceTree = "<group>"; };
		83D2DF21C9A54C68A8A37669 /* HotkeyBindingTests.swift */ = {isa = PBXFileReference; lastKnownFileType = sourcecode.swift; path = HotkeyBindingTests.swift; sourceTree = "<group>"; };
		B78B8BFDD4EA47A59ABF3A2D /* LocalLLMPipelineFallbackTests.swift */ = {isa = PBXFileReference; lastKnownFileType = sourcecode.swift; path = LocalLLMPipelineFallbackTests.swift; sourceTree = "<group>"; };
		E5575CB6BCCB4D678B04A7A8 /* LocalLLMPipelineTests.swift */ = {isa = PBXFileReference; lastKnownFileType = sourcecode.swift; path = LocalLLMPipelineTests.swift; sourceTree = "<group>"; };
		6EDED4C11CD3482C9D8035A3 /* LocalLLMPipelineWarmupTests.swift */ = {isa = PBXFileReference; lastKnownFileType = sourcecode.swift; path = LocalLLMPipelineWarmupTests.swift; sourceTree = "<group>"; };
		B28E3C44090641149751CEAE /* MeetingPlatformTests.swift */ = {isa = PBXFileReference; lastKnownFileType = sourcecode.swift; path = MeetingPlatformTests.swift; sourceTree = "<group>"; };
		9673055C063046FC87E71DC5 /* MeetingRecordingManagerNotesLogicTests.swift */ = {isa = PBXFileReference; lastKnownFileType = sourcecode.swift; path = MeetingRecordingManagerNotesLogicTests.swift; sourceTree = "<group>"; };
		70550638786040B4A418787D /* MeetingRecordingManagerSegmentTests.swift */ = {isa = PBXFileReference; lastKnownFileType = sourcecode.swift; path = MeetingRecordingManagerSegmentTests.swift; sourceTree = "<group>"; };
		7A05C6AB40AC4C59AE67AF0D /* MeetingRecordingManagerStreamingMonitorTests.swift */ = {isa = PBXFileReference; lastKnownFileType = sourcecode.swift; path = MeetingRecordingManagerStreamingMonitorTests.swift; sourceTree = "<group>"; };
		0C3783BFCB0D4CF19D2D4CD7 /* MicUsageMonitorTests.swift */ = {isa = PBXFileReference; lastKnownFileType = sourcecode.swift; path = MicUsageMonitorTests.swift; sourceTree = "<group>"; };
		85660D6592F248C08E4A05F7 /* MLXPreferencesTests.swift */ = {isa = PBXFileReference; lastKnownFileType = sourcecode.swift; path = MLXPreferencesTests.swift; sourceTree = "<group>"; };
		A08D16305777442385477DB4 /* NotesSaveQueueTests.swift */ = {isa = PBXFileReference; lastKnownFileType = sourcecode.swift; path = NotesSaveQueueTests.swift; sourceTree = "<group>"; };
		0B20D735AA7546DA903EB84C /* NotificationDeduperTests.swift */ = {isa = PBXFileReference; lastKnownFileType = sourcecode.swift; path = NotificationDeduperTests.swift; sourceTree = "<group>"; };
		3A4871452EE0433F81587952 /* NotificationHelperAdapterTests.swift */ = {isa = PBXFileReference; lastKnownFileType = sourcecode.swift; path = NotificationHelperAdapterTests.swift; sourceTree = "<group>"; };
		939623C33288464998FDB4BC /* NotificationHelperTests.swift */ = {isa = PBXFileReference; lastKnownFileType = sourcecode.swift; path = NotificationHelperTests.swift; sourceTree = "<group>"; };
		74028039971445BEA55E2BFE /* PlatformIconProviderTests.swift */ = {isa = PBXFileReference; lastKnownFileType = sourcecode.swift; path = PlatformIconProviderTests.swift; sourceTree = "<group>"; };
		35A39CB77D524CAE9F105CD7 /* PreferencesServiceTests.swift */ = {isa = PBXFileReference; lastKnownFileType = sourcecode.swift; path = PreferencesServiceTests.swift; sourceTree = "<group>"; };
		2C1EB89DBEFA408689A5F63E /* PromptTemplateTests.swift */ = {isa = PBXFileReference; lastKnownFileType = sourcecode.swift; path = PromptTemplateTests.swift; sourceTree = "<group>"; };
		8DDC408B454048B8B33515A0 /* RecordingStateGateActorTests.swift */ = {isa = PBXFileReference; lastKnownFileType = sourcecode.swift; path = RecordingStateGateActorTests.swift; sourceTree = "<group>"; };
		6C071B2781D94B77A9041557 /* RecordingStateGateTests.swift */ = {isa = PBXFileReference; lastKnownFileType = sourcecode.swift; path = RecordingStateGateTests.swift; sourceTree = "<group>"; };
		7984B4E4C2994D7E971A0F66 /* TranscriptStoreBypassLoggingTests.swift */ = {isa = PBXFileReference; lastKnownFileType = sourcecode.swift; path = TranscriptStoreBypassLoggingTests.swift; sourceTree = "<group>"; };
		D652989DA1A1456985ADA416 /* TranscriptStoreKeychainBypassTests.swift */ = {isa = PBXFileReference; lastKnownFileType = sourcecode.swift; path = TranscriptStoreKeychainBypassTests.swift; sourceTree = "<group>"; };
		47710E8EA5CD491B8ED916E2 /* TranscriptStoreTests.swift */ = {isa = PBXFileReference; lastKnownFileType = sourcecode.swift; path = TranscriptStoreTests.swift; sourceTree = "<group>"; };
		4C16FC6CFA97442EAA5F899E /* TranscriptStoreUpdateTests.swift */ = {isa = PBXFileReference; lastKnownFileType = sourcecode.swift; path = TranscriptStoreUpdateTests.swift; sourceTree = "<group>"; };
/* End PBXFileReference section */

/* Begin PBXFileSystemSynchronizedRootGroup section */
		53EA35F72F1BAFD400145A47 /* OverhearTests */ = {
			isa = PBXGroup;
			children = (
				7A8E1E7D44D64EDA84BF6663 /* AudioModelTests.swift */,
				4542DC064F5F46259E604EF0 /* AutoRecordingCoordinatorManualTests.swift */,
				7D1DC0E3DF5B4FFD9CB66364 /* AutoRecordingCoordinatorTests.swift */,
				4C043979345543C8924DE8EB /* AVAudioCaptureServiceSessionTests.swift */,
				CB5954996F624914980F7232 /* BufferLoggingTests.swift */,
				E8046A0513D64FEDA0E2B941 /* CalendarAccessHelperTests.swift */,
				1968EA57B9754A829D25D649 /* CallDetectionServiceTests.swift */,
				C34792AC27AD4A968F44B112 /* DebouncerTests.swift */,
				B7AA8813CAD64EF6B8284392 /* FluidAudioConfigurationTests.swift */,
				83D2DF21C9A54C68A8A37669 /* HotkeyBindingTests.swift */,
				B78B8BFDD4EA47A59ABF3A2D /* LocalLLMPipelineFallbackTests.swift */,
				E5575CB6BCCB4D678B04A7A8 /* LocalLLMPipelineTests.swift */,
				6EDED4C11CD3482C9D8035A3 /* LocalLLMPipelineWarmupTests.swift */,
				B28E3C44090641149751CEAE /* MeetingPlatformTests.swift */,
				9673055C063046FC87E71DC5 /* MeetingRecordingManagerNotesLogicTests.swift */,
				70550638786040B4A418787D /* MeetingRecordingManagerSegmentTests.swift */,
				7A05C6AB40AC4C59AE67AF0D /* MeetingRecordingManagerStreamingMonitorTests.swift */,
				0C3783BFCB0D4CF19D2D4CD7 /* MicUsageMonitorTests.swift */,
				85660D6592F248C08E4A05F7 /* MLXPreferencesTests.swift */,
				A08D16305777442385477DB4 /* NotesSaveQueueTests.swift */,
				0B20D735AA7546DA903EB84C /* NotificationDeduperTests.swift */,
				3A4871452EE0433F81587952 /* NotificationHelperAdapterTests.swift */,
				939623C33288464998FDB4BC /* NotificationHelperTests.swift */,
				74028039971445BEA55E2BFE /* PlatformIconProviderTests.swift */,
				35A39CB77D524CAE9F105CD7 /* PreferencesServiceTests.swift */,
				2C1EB89DBEFA408689A5F63E /* PromptTemplateTests.swift */,
				8DDC408B454048B8B33515A0 /* RecordingStateGateActorTests.swift */,
				6C071B2781D94B77A9041557 /* RecordingStateGateTests.swift */,
				7984B4E4C2994D7E971A0F66 /* TranscriptStoreBypassLoggingTests.swift */,
				D652989DA1A1456985ADA416 /* TranscriptStoreKeychainBypassTests.swift */,
				47710E8EA5CD491B8ED916E2 /* TranscriptStoreTests.swift */,
				4C16FC6CFA97442EAA5F899E /* TranscriptStoreUpdateTests.swift */,
			);
			path = "Tests/OverhearTests";
			sourceTree = "<group>";
		};
/* End PBXFileSystemSynchronizedRootGroup section */

/* Begin PBXFrameworksBuildPhase section */
		53EA35F32F1BAFD400145A47 /* Frameworks */ = {
			isa = PBXFrameworksBuildPhase;
			buildActionMask = 2147483647;
			files = (
			);
			runOnlyForDeploymentPostprocessing = 0;
		};
		8DE5E4A3E95C44C1031E57D0 /* Frameworks */ = {
			isa = PBXFrameworksBuildPhase;
			buildActionMask = 2147483647;
			files = (
				B6D0B2A219F53F31AD9C3EB3 /* FluidAudio in Frameworks */,
				E7D5B8A7F5CB4F5BB8D02F1A /* MLXLLM in Frameworks */,
			);
			runOnlyForDeploymentPostprocessing = 0;
		};
/* End PBXFrameworksBuildPhase section */

/* Begin PBXGroup section */
		1131C6A76F3E0B6371D1BE44 /* Transcription */ = {
			isa = PBXGroup;
			children = (
				A1F0D0C1F1E2010000000008 /* TranscriptStore.swift */,
				A1F0D0C1F1E2010000000009 /* TranscriptSearchView.swift */,
				A1F0D0C1F1E201000000000A /* TranscriptionView.swift */,
				5B3C1D4E6A9845A4B7F8C2DA /* TranscriptWindowController.swift */,
			);
			path = Transcription;
			sourceTree = "<group>";
		};
		13B9D780C478343D6CA1F161 /* Sources */ = {
			isa = PBXGroup;
			children = (
				F37611B41ED4F928AEF4F417 /* App */,
				B4660A6143C7552E72DDD35E /* Features */,
			);
			path = Sources;
			sourceTree = "<group>";
		};
		202177B91B82810447ECD1FD /* Meetings */ = {
			isa = PBXGroup;
			children = (
				1126CA13260065D9BC095422 /* Meeting.swift */,
				A1F0D0C1F1E201000000000B /* MeetingPlatform.swift */,
				E591C5A0CD919B0CBADE2347 /* MeetingListViewModel.swift */,
				A1F0D0C1F1E2010000000005 /* HolidayDetector.swift */,
				A1F0D0C1F1E2010000000006 /* PlatformIconProvider.swift */,
			);
			path = Meetings;
			sourceTree = "<group>";
		};
		398C13C597346930EA1881FE /* Calendar */ = {
			isa = PBXGroup;
			children = (
				05C7FE5C6BFB9491A6568F7C /* CalendarService.swift */,
				14628F1AFD8E4DE1871ECE76491BDC42 /* CalendarAccessHelper.swift */,
			);
			path = Calendar;
			sourceTree = "<group>";
		};
		40B0354D1D851BD3A7C984F6 /* MenuBar */ = {
			isa = PBXGroup;
			children = (
				B9643B3F6CF09183E7E9EE4A /* MenuBarController.swift */,
				D12220410D1DBBF18A9BA1D0 /* MenuBarContentView.swift */,
				4BE9734EA47344D0AADB9A29CEB2593A /* LiveNotesComponents.swift */,
				EAD6B3F4B8C7410FB8F582C1 /* AISectionView.swift */,
				A1F0D0C1F1E201000000000C /* MenuBarIconProvider.swift */,
				82CEE38B64F60141EA6DE7EE /* MeetingRowView.swift */,
			);
			path = MenuBar;
			sourceTree = "<group>";
		};
		53EA35F12F1BAF6B00145A47 /* Automation */ = {
			isa = PBXGroup;
			children = (
				FD7D27902BBF20D900A5CB6F /* AutoRecordingCoordinator.swift */,
				FD7D27922BBF20EA00A5CB6F /* CallDetectionService.swift */,
				FD7D27942BBF20F500A5CB6F /* MicUsageMonitor.swift */,
				FD7D27962BBF20FE00A5CB6F /* RecordingStateIndicator.swift */,
				FD7D27A02BBF210001A5CB6F /* MeetingNotificationRouting.swift */,
				FD7D27A22BBF210001A5CB6F /* NotificationDeduperFactory.swift */,
				FD7D27A42BBF210001A5CB6F /* RecordingStateGate.swift */,
				FD7D27A62BBF210001A5CB6F /* RecordingStateProviding.swift */,
			);
			name = Automation;
			path = Automation;
			sourceTree = "<group>";
		};
		69C6201F665875E4A8CE81A9 /* Resources */ = {
			isa = PBXGroup;
			children = (
				8F31D34C5A2AFDA7D17E0476 /* Assets.xcassets */,
				8AF60D2CD395349366EFBB74 /* Info.plist */,
				9B8CFC582D8E4C5F9F6D5E5A /* Overhear.entitlements */,
			);
			path = Resources;
			sourceTree = "<group>";
		};
		8C39F975C240A321E98F405C = {
			isa = PBXGroup;
			children = (
				13B9D780C478343D6CA1F161 /* Sources */,
				69C6201F665875E4A8CE81A9 /* Resources */,
				53EA35F72F1BAFD400145A47 /* OverhearTests */,
				D2B8E6BF76808FD739F37E61 /* Products */,
			);
			sourceTree = "<group>";
		};
		91D16B06DEA86C9B36D95D3E /* Shared */ = {
			isa = PBXGroup;
			children = (
				A1F0D0C1F1E2010000000007 /* SharedTypes.swift */,
				A1F0D0C1F1E2010000000010 /* FileLogger.swift */,
				A1F0D0C1F1E201000000000E /* NotificationHelper.swift */,
				A1F0D0C1F1E201000000000F /* HotkeyManager.swift */,
				F1F5B2DB1D0A4FC3A5E1C0D1 /* AccessibilityHelper.swift */,
			);
			path = Shared;
			sourceTree = "<group>";
		};
		B11DC2DCA910211818176E12 /* Audio */ = {
			isa = PBXGroup;
			children = (
				A1F0D0C1F1E2010000000002 /* AVAudioCaptureService.swift */,
				93CC832006A740B8BAECB5CE64314F3B /* AudioModels.swift */,
				92836CB09DD3497BBCB5A20B5D645F09 /* DiarizationEngineFactory.swift */,
				75B740BF673544A594625D9ACC07BA8B /* DiarizationService.swift */,
				DF48982FAB834055A2AC3FAE79109395 /* FluidAudioAdapter.swift */,
				8C85F9826FF345A5A84E023F /* MeetingRecordingManager+Notes.swift */,
				A1F0D0C1F1E2010000000003 /* MeetingRecordingManager.swift */,
				A1F0D0C1F1E2010000000011 /* MeetingRecordingCoordinator.swift */,
				01B63EE76EDA4773903755A3F251FCA5 /* MeetingRecordingPipeline.swift */,
				94AEABBD11484B4C9905881B69F6E465 /* MLXAdapter.swift */,
				F1F5B2D11D0A4FC3A5E1C0D1 /* LocalLLMPipeline.swift */,
				F1F5B2D71D0A4FC3A5E1C0D1 /* PromptTemplate.swift */,
				F1F5B2D91D0A4FC3A5E1C0D1 /* PromptTemplateRunner.swift */,
				B31D9D453E9E4C2DA49DC1512163E0EB /* SummarizationService.swift */,
				A1F0D0C1F1E2010000000004 /* TranscriptionService.swift */,
			);
			path = Audio;
			sourceTree = "<group>";
		};
		B4660A6143C7552E72DDD35E /* Features */ = {
			isa = PBXGroup;
			children = (
				398C13C597346930EA1881FE /* Calendar */,
				202177B91B82810447ECD1FD /* Meetings */,
				40B0354D1D851BD3A7C984F6 /* MenuBar */,
				F03B5CD4DB434356547DACE5 /* Preferences */,
				B11DC2DCA910211818176E12 /* Audio */,
				91D16B06DEA86C9B36D95D3E /* Shared */,
				1131C6A76F3E0B6371D1BE44 /* Transcription */,
				53EA35F12F1BAF6B00145A47 /* Automation */,
			);
			path = Features;
			sourceTree = "<group>";
		};
		D2B8E6BF76808FD739F37E61 /* Products */ = {
			isa = PBXGroup;
			children = (
				B450443A64541675999965EF /* Overhear.app */,
				53EA35F62F1BAFD400145A47 /* OverhearTests.xctest */,
			);
			name = Products;
			sourceTree = "<group>";
		};
		F03B5CD4DB434356547DACE5 /* Preferences */ = {
			isa = PBXGroup;
			children = (
				0467AC2803809ABEE6368BF8 /* PreferencesService.swift */,
				E6760441C0977FD19F2B6838 /* PreferencesView.swift */,
				F1F5B2D51D0A4FC3A5E1C0D1 /* MLXPreferences.swift */,
				C268D5AFB48081C5B8477301 /* PreferencesWindowController.swift */,
			);
			path = Preferences;
			sourceTree = "<group>";
		};
		F37611B41ED4F928AEF4F417 /* App */ = {
			isa = PBXGroup;
			children = (
				C5563B52A06A54C980A22A14 /* OverhearApp.swift */,
				C01606FEE32B43E2DE0C9D8E /* AppDelegate.swift */,
				B0753D3EBF878CDDA7278CF7 /* AppContext.swift */,
				A1F0D0C1F1E201000000000D /* PermissionsService.swift */,
				A1F0D0C1F1E2010000000001 /* Types.swift */,
				0BF6B2E82C00F0B700C8F9C7 /* UserDefaultsKeys.swift */,
			);
			path = App;
			sourceTree = "<group>";
		};
/* End PBXGroup section */

/* Begin PBXNativeTarget section */
		53EA35F52F1BAFD400145A47 /* OverhearTests */ = {
			isa = PBXNativeTarget;
			buildConfigurationList = 53EA35FE2F1BAFD400145A47 /* Build configuration list for PBXNativeTarget "OverhearTests" */;
			buildPhases = (
				53EA35F22F1BAFD400145A47 /* Sources */,
				53EA35F32F1BAFD400145A47 /* Frameworks */,
				53EA35F42F1BAFD400145A47 /* Resources */,
			);
			buildRules = (
			);
			dependencies = (
				53EA35FB2F1BAFD400145A47 /* PBXTargetDependency */,
			);
			name = OverhearTests;
			packageProductDependencies = (
			);
			productName = OverhearTests;
			productReference = 53EA35F62F1BAFD400145A47 /* OverhearTests.xctest */;
			productType = "com.apple.product-type.bundle.unit-test";
		};
		77A9AB70BCB9480D0E2567B5 /* Overhear */ = {
			isa = PBXNativeTarget;
			buildConfigurationList = 11DA417D0736C8ADF76AB320 /* Build configuration list for PBXNativeTarget "Overhear" */;
			buildPhases = (
				D03A1A98F776E5AB7BD121A9 /* Sources */,
				8DE5E4A3E95C44C1031E57D0 /* Frameworks */,
				1549E9B5BB5355F9120D2A52 /* Resources */,
			);
			buildRules = (
			);
			dependencies = (
			);
			name = Overhear;
			packageProductDependencies = (
				8C1DE61BFEDC45A39B3A7D65 /* FluidAudio */,
				7C4E1C6C7B2C4B5D8DDC7B2E /* MLXLLM */,
			);
			productName = Overhear;
			productReference = B450443A64541675999965EF /* Overhear.app */;
			productType = "com.apple.product-type.application";
		};
/* End PBXNativeTarget section */

/* Begin PBXProject section */
		F5D72C8DB1660CE48CC2B4D9 /* Project object */ = {
			isa = PBXProject;
			attributes = {
				LastSwiftUpdateCheck = 2600;
				LastUpgradeCheck = 1500;
				ORGANIZATIONNAME = "";
				TargetAttributes = {
					53EA35F52F1BAFD400145A47 = {
						CreatedOnToolsVersion = 26.0.1;
						TestTargetID = 77A9AB70BCB9480D0E2567B5;
					};
					77A9AB70BCB9480D0E2567B5 = {
						LastSwiftMigration = 1500;
					};
				};
			};
			buildConfigurationList = EE265EB7FED8A0902E459B73 /* Build configuration list for PBXProject "Overhear" */;
			compatibilityVersion = "Xcode 14.0";
			developmentRegion = en;
			hasScannedForEncodings = 0;
			knownRegions = (
				en,
			);
			mainGroup = 8C39F975C240A321E98F405C;
			packageReferences = (
				88C9F04FA24C42FB8A939657 /* XCRemoteSwiftPackageReference "FluidAudio" */,
				7D8C4F6F0B5B4C32B3E3E6D9 /* XCRemoteSwiftPackageReference "mlx-swift-lm" */,
			);
			productRefGroup = D2B8E6BF76808FD739F37E61 /* Products */;
			projectDirPath = "";
			projectRoot = "";
			targets = (
				77A9AB70BCB9480D0E2567B5 /* Overhear */,
				53EA35F52F1BAFD400145A47 /* OverhearTests */,
			);
		};
/* End PBXProject section */

/* Begin PBXResourcesBuildPhase section */
		1549E9B5BB5355F9120D2A52 /* Resources */ = {
			isa = PBXResourcesBuildPhase;
			buildActionMask = 2147483647;
			files = (
				0F7E66604E78C6557390EB28 /* Assets.xcassets in Resources */,
			);
			runOnlyForDeploymentPostprocessing = 0;
		};
		53EA35F42F1BAFD400145A47 /* Resources */ = {
			isa = PBXResourcesBuildPhase;
			buildActionMask = 2147483647;
			files = (
			);
			runOnlyForDeploymentPostprocessing = 0;
		};
/* End PBXResourcesBuildPhase section */

/* Begin PBXSourcesBuildPhase section */
		53EA35F22F1BAFD400145A47 /* Sources */ = {
			isa = PBXSourcesBuildPhase;
			buildActionMask = 2147483647;
			files = (
				6D63E4CD667544949F91C0FC /* AudioModelTests.swift in Sources */,
				615BC92EBCD2486486AD1726 /* AutoRecordingCoordinatorManualTests.swift in Sources */,
				DF88D9B1E2E0418D990522D6 /* AutoRecordingCoordinatorTests.swift in Sources */,
				5D03603253A74D7A8DF67E17 /* AVAudioCaptureServiceSessionTests.swift in Sources */,
				9F812DC08E2F49F5A47CA603 /* BufferLoggingTests.swift in Sources */,
				F2DCA94C4982488284AED453 /* CalendarAccessHelperTests.swift in Sources */,
				9FCCC07FD82B431A85013A24 /* CallDetectionServiceTests.swift in Sources */,
				6A4771FD7BD7417595ACD193 /* DebouncerTests.swift in Sources */,
				09F06059E342406E95014930 /* NotesSaveQueueTests.swift in Sources */,
				06F6C982DDCE49DAB34BAC67 /* FluidAudioConfigurationTests.swift in Sources */,
				EDC757C7238D462EAEF5B389 /* HotkeyBindingTests.swift in Sources */,
				C728E95AF0E54F27A422A2B0 /* LocalLLMPipelineFallbackTests.swift in Sources */,
				192FBF6D989F4E98B38D5BAB /* LocalLLMPipelineTests.swift in Sources */,
				14CFAF2622DF464EBE34F58D /* LocalLLMPipelineWarmupTests.swift in Sources */,
				E6107A2D9B714C8DB8DA3830 /* MeetingPlatformTests.swift in Sources */,
				9A77A7EA6C64434B9FB9E3F4 /* MeetingRecordingManagerNotesLogicTests.swift in Sources */,
				8F2FCF90F3EE419BA50A6982 /* MeetingRecordingManagerSegmentTests.swift in Sources */,
				AFB15BE79CF24D5BA1B19855 /* MeetingRecordingManagerStreamingMonitorTests.swift in Sources */,
				0257D6831990478E990A45A3 /* MicUsageMonitorTests.swift in Sources */,
				C7FC8630055E41EF821B2F3D /* MLXPreferencesTests.swift in Sources */,
				B6639FBA2ACA454893EB0791 /* NotificationDeduperTests.swift in Sources */,
				091B0C669F264EA780555A92 /* NotificationHelperAdapterTests.swift in Sources */,
				6E16DEAA686A484EB8D88E0A /* NotificationHelperTests.swift in Sources */,
				057F88BCF1734B059F98E8D4 /* PlatformIconProviderTests.swift in Sources */,
				A99EDDC195ED492DBEA41238 /* PreferencesServiceTests.swift in Sources */,
				FF8151D12AF04732A8E4466B /* PromptTemplateTests.swift in Sources */,
				26F06C29258647CFB8E5F1B4 /* RecordingStateGateActorTests.swift in Sources */,
				557D8BDD650642088B8E2AE5 /* RecordingStateGateTests.swift in Sources */,
				AB2D8CF8E96144E99AB4A4DC /* TranscriptStoreBypassLoggingTests.swift in Sources */,
				165DCE661CBA4213834AE14D /* TranscriptStoreKeychainBypassTests.swift in Sources */,
				4493578F1234446C8E3D0B07 /* TranscriptStoreTests.swift in Sources */,
				486F3723BF90415AB122A2E2 /* TranscriptStoreUpdateTests.swift in Sources */,
			);
			runOnlyForDeploymentPostprocessing = 0;
		};
		D03A1A98F776E5AB7BD121A9 /* Sources */ = {
			isa = PBXSourcesBuildPhase;
			buildActionMask = 2147483647;
			files = (
				B09ACBBF34AF004C83A0835A /* OverhearApp.swift in Sources */,
				EDF853AFF500BEEA7B7EB51C /* AppDelegate.swift in Sources */,
				016A546E4C2C7638A8013832 /* AppContext.swift in Sources */,
				4C460327A9D08F6F394261F2 /* MenuBarController.swift in Sources */,
				C2D5E6CE6C1B18A934FB6917 /* MenuBarContentView.swift in Sources */,
				4F3B5AF84C3E45B0A08C34E7 /* AISectionView.swift in Sources */,
				0E7293B8D630456E9682C251 /* MeetingRowView.swift in Sources */,
				C3BAC7E2A8CDBF78BAB8A332 /* Meeting.swift in Sources */,
				B1F0D0C1F1E201000000001B /* MeetingPlatform.swift in Sources */,
				104FDF64364D0379F6D338CC /* MeetingListViewModel.swift in Sources */,
				B1F0D0C1F1E2010000000015 /* HolidayDetector.swift in Sources */,
				B1F0D0C1F1E2010000000016 /* PlatformIconProvider.swift in Sources */,
				B1F0D0C1F1E201000000001C /* MenuBarIconProvider.swift in Sources */,
				B1F0D0C1F1E2010000000017 /* SharedTypes.swift in Sources */,
				B1F0D0C1F1E2010000000021 /* FileLogger.swift in Sources */,
				B1F0D0C1F1E2010000000012 /* AVAudioCaptureService.swift in Sources */,
				B1F0D0C1F1E2010000000013 /* MeetingRecordingManager.swift in Sources */,
				0056C689E88140AC9878C61A /* MeetingRecordingManager+Notes.swift in Sources */,
				B1F0D0C1F1E2010000000022 /* MeetingRecordingCoordinator.swift in Sources */,
				B1F0D0C1F1E2010000000014 /* TranscriptionService.swift in Sources */,
				B945B1D3B9C848E6AB2763E6CCC2C64C /* AudioModels.swift in Sources */,
				A2AA394AFCDD414AA6082028123BD864 /* DiarizationEngineFactory.swift in Sources */,
				7361C4DA3E42422989068561EBA3080B /* DiarizationService.swift in Sources */,
				80FE5CAE940E4AD9869D8CE173ED4A23 /* FluidAudioAdapter.swift in Sources */,
				41F4A9477D1C4FA381E8935A8D269DDF /* MeetingRecordingPipeline.swift in Sources */,
				27CC46306D09405BBBB43617C1B33461 /* MLXAdapter.swift in Sources */,
				F1F5B2D21D0A4FC3A5E1C0D1 /* LocalLLMPipeline.swift in Sources */,
				F1F5B2D81D0A4FC3A5E1C0D1 /* PromptTemplate.swift in Sources */,
				F1F5B2DA1D0A4FC3A5E1C0D1 /* PromptTemplateRunner.swift in Sources */,
				F00D72B5D82E4C1FB9D77D0193C8C13C /* SummarizationService.swift in Sources */,
				B1F0D0C1F1E2010000000018 /* TranscriptStore.swift in Sources */,
				B1F0D0C1F1E2010000000019 /* TranscriptSearchView.swift in Sources */,
				B1F0D0C1F1E201000000001A /* TranscriptionView.swift in Sources */,
				5B3C1D4E6A9845A4B7F8C2DB /* TranscriptWindowController.swift in Sources */,
				4262CBB0E3604C7FA59F4AE320DC239C /* LiveNotesComponents.swift in Sources */,
				553ADF43BEB23110DAFF4EBC /* CalendarService.swift in Sources */,
				D735051D7A7D468EBDF47363AE10B0CD /* CalendarAccessHelper.swift in Sources */,
				B1F0D0C1F1E201000000001E /* NotificationHelper.swift in Sources */,
				B1F0D0C1F1E2010000000020 /* HotkeyManager.swift in Sources */,
				F1F5B2DC1D0A4FC3A5E1C0D1 /* AccessibilityHelper.swift in Sources */,
				672895B9E03830086B5E32E1 /* PreferencesService.swift in Sources */,
				F1F5B2D61D0A4FC3A5E1C0D1 /* MLXPreferences.swift in Sources */,
				7B4976A61FDC8DF74F991A16 /* PreferencesView.swift in Sources */,
				EAF99761927E193EB588F6CA /* PreferencesWindowController.swift in Sources */,
				B1F0D0C1F1E201000000001D /* PermissionsService.swift in Sources */,
				B1F0D0C1F1E2010000000011 /* Types.swift in Sources */,
				0BF6B2E92C00F0B700C8F9C7 /* UserDefaultsKeys.swift in Sources */,
				FD7D27912BBF20D900A5CB6F /* Sources/Features/Automation/AutoRecordingCoordinator.swift in Sources */,
				FD7D27932BBF20EA00A5CB6F /* Sources/Features/Automation/CallDetectionService.swift in Sources */,
				FD7D27952BBF20F500A5CB6F /* Sources/Features/Automation/MicUsageMonitor.swift in Sources */,
				FD7D27972BBF20FE00A5CB6F /* Sources/Features/Automation/RecordingStateIndicator.swift in Sources */,
				FD7D27A12BBF210001A5CB6F /* Sources/Features/Automation/MeetingNotificationRouting.swift in Sources */,
				FD7D27A32BBF210001A5CB6F /* Sources/Features/Automation/NotificationDeduperFactory.swift in Sources */,
				FD7D27A52BBF210001A5CB6F /* Sources/Features/Automation/RecordingStateGate.swift in Sources */,
				FD7D27A72BBF210001A5CB6F /* Sources/Features/Automation/RecordingStateProviding.swift in Sources */,
			);
			runOnlyForDeploymentPostprocessing = 0;
		};
/* End PBXSourcesBuildPhase section */

/* Begin PBXTargetDependency section */
		53EA35FB2F1BAFD400145A47 /* PBXTargetDependency */ = {
			isa = PBXTargetDependency;
			target = 77A9AB70BCB9480D0E2567B5 /* Overhear */;
			targetProxy = 53EA35FA2F1BAFD400145A47 /* PBXContainerItemProxy */;
		};
/* End PBXTargetDependency section */

/* Begin XCBuildConfiguration section */
		2B96F9A03043751176C47902 /* Release */ = {
			isa = XCBuildConfiguration;
			buildSettings = {
				ALWAYS_SEARCH_USER_PATHS = NO;
				CLANG_ANALYZER_NONNULL = YES;
				CLANG_ANALYZER_NUMBER_OBJECT_CONVERSION = YES_AGGRESSIVE;
				CLANG_CXX_LANGUAGE_STANDARD = "gnu++20";
				CLANG_ENABLE_MODULES = YES;
				CLANG_ENABLE_OBJC_ARC = YES;
				CLANG_ENABLE_OBJC_WEAK = YES;
				CLANG_WARN_BLOCK_CAPTURE_AUTORELEASING = YES;
				CLANG_WARN_BOOL_CONVERSION = YES;
				CLANG_WARN_COMMA = YES;
				CLANG_WARN_CONSTANT_CONVERSION = YES;
				CLANG_WARN_DEPRECATED_OBJC_IMPLEMENTATIONS = YES;
				CLANG_WARN_DIRECT_OBJC_ISA_USAGE = YES_ERROR;
				CLANG_WARN_DOCUMENTATION_COMMENTS = YES;
				CLANG_WARN_EMPTY_BODY = YES;
				CLANG_WARN_ENUM_CONVERSION = YES;
				CLANG_WARN_INFINITE_RECURSION = YES;
				CLANG_WARN_INT_CONVERSION = YES;
				CLANG_WARN_NON_LITERAL_NULL_CONVERSION = YES;
				CLANG_WARN_OBJC_IMPLICIT_RETAIN_SELF = YES;
				CLANG_WARN_OBJC_LITERAL_CONVERSION = YES;
				CLANG_WARN_QUOTED_INCLUDE_IN_FRAMEWORK_HEADER = YES;
				CLANG_WARN_RANGE_LOOP_ANALYSIS = YES;
				CLANG_WARN_STRICT_PROTOTYPES = YES;
				CLANG_WARN_SUSPICIOUS_MOVE = YES;
				CLANG_WARN_UNGUARDED_AVAILABILITY = YES_AGGRESSIVE;
				CLANG_WARN_UNREACHABLE_CODE = YES;
				CLANG_WARN__DUPLICATE_METHOD_MATCH = YES;
				COPY_PHASE_STRIP = NO;
				DEBUG_INFORMATION_FORMAT = "dwarf-with-dsym";
				ENABLE_NS_ASSERTIONS = NO;
				ENABLE_STRICT_OBJC_MSGSEND = YES;
				GCC_C_LANGUAGE_STANDARD = gnu17;
				GCC_NO_COMMON_BLOCKS = YES;
				GCC_WARN_64_TO_32_BIT_CONVERSION = YES;
				GCC_WARN_ABOUT_RETURN_TYPE = YES_ERROR;
				GCC_WARN_UNDECLARED_SELECTOR = YES;
				GCC_WARN_UNINITIALIZED_AUTOS = YES_AGGRESSIVE;
				GCC_WARN_UNUSED_FUNCTION = YES;
				GCC_WARN_UNUSED_VARIABLE = YES;
				MACOSX_DEPLOYMENT_TARGET = 14.0;
				MTL_ENABLE_DEBUG_INFO = NO;
				MTL_FAST_MATH = YES;
				SDKROOT = macosx;
				SWIFT_COMPILATION_MODE = wholemodule;
				SWIFT_OPTIMIZATION_LEVEL = "-O";
			};
			name = Release;
		};
		53EA35FC2F1BAFD400145A47 /* Debug */ = {
			isa = XCBuildConfiguration;
			buildSettings = {
				ASSETCATALOG_COMPILER_GENERATE_SWIFT_ASSET_SYMBOL_EXTENSIONS = YES;
				BUNDLE_LOADER = "$(TEST_HOST)";
				CLANG_WARN_OBJC_ROOT_CLASS = YES_ERROR;
				CODE_SIGN_STYLE = Automatic;
				CURRENT_PROJECT_VERSION = 1;
				DEVELOPMENT_TEAM = 6R7S5GA944;
				ENABLE_USER_SCRIPT_SANDBOXING = YES;
				GENERATE_INFOPLIST_FILE = YES;
				LOCALIZATION_PREFERS_STRING_CATALOGS = YES;
				MACOSX_DEPLOYMENT_TARGET = 14.0;
				MARKETING_VERSION = 1.0;
				PRODUCT_BUNDLE_IDENTIFIER = hadm.OverhearTests;
				PRODUCT_NAME = "$(TARGET_NAME)";
				STRING_CATALOG_GENERATE_SYMBOLS = NO;
				SWIFT_ACTIVE_COMPILATION_CONDITIONS = "DEBUG $(inherited)";
				SWIFT_APPROACHABLE_CONCURRENCY = YES;
				SWIFT_OPTIMIZATION_LEVEL = "-Onone";
				SWIFT_EMIT_LOC_STRINGS = NO;
				SWIFT_UPCOMING_FEATURE_MEMBER_IMPORT_VISIBILITY = YES;
				SWIFT_VERSION = 5.0;
				TEST_HOST = "$(BUILT_PRODUCTS_DIR)/Overhear.app/$(BUNDLE_EXECUTABLE_FOLDER_PATH)/Overhear";
			};
			name = Debug;
		};
		53EA35FD2F1BAFD400145A47 /* Release */ = {
			isa = XCBuildConfiguration;
			buildSettings = {
				ASSETCATALOG_COMPILER_GENERATE_SWIFT_ASSET_SYMBOL_EXTENSIONS = YES;
				BUNDLE_LOADER = "$(TEST_HOST)";
				CLANG_WARN_OBJC_ROOT_CLASS = YES_ERROR;
				CODE_SIGN_STYLE = Automatic;
				CURRENT_PROJECT_VERSION = 1;
				DEVELOPMENT_TEAM = 6R7S5GA944;
				ENABLE_USER_SCRIPT_SANDBOXING = YES;
				GENERATE_INFOPLIST_FILE = YES;
				LOCALIZATION_PREFERS_STRING_CATALOGS = YES;
				MACOSX_DEPLOYMENT_TARGET = 14.0;
				MARKETING_VERSION = 1.0;
				PRODUCT_BUNDLE_IDENTIFIER = hadm.OverhearTests;
				PRODUCT_NAME = "$(TARGET_NAME)";
				STRING_CATALOG_GENERATE_SYMBOLS = NO;
				SWIFT_APPROACHABLE_CONCURRENCY = YES;
				SWIFT_OPTIMIZATION_LEVEL = "-O";
				SWIFT_EMIT_LOC_STRINGS = NO;
				SWIFT_UPCOMING_FEATURE_MEMBER_IMPORT_VISIBILITY = YES;
				SWIFT_VERSION = 5.0;
				TEST_HOST = "$(BUILT_PRODUCTS_DIR)/Overhear.app/$(BUNDLE_EXECUTABLE_FOLDER_PATH)/Overhear";
			};
			name = Release;
		};
		69B7F21EC53E0DA447DA6C10 /* Debug */ = {
			isa = XCBuildConfiguration;
			buildSettings = {
				ALWAYS_SEARCH_USER_PATHS = NO;
				CLANG_ANALYZER_NONNULL = YES;
				CLANG_ANALYZER_NUMBER_OBJECT_CONVERSION = YES_AGGRESSIVE;
				CLANG_CXX_LANGUAGE_STANDARD = "gnu++20";
				CLANG_ENABLE_MODULES = YES;
				CLANG_ENABLE_OBJC_ARC = YES;
				CLANG_ENABLE_OBJC_WEAK = YES;
				CLANG_WARN_BLOCK_CAPTURE_AUTORELEASING = YES;
				CLANG_WARN_BOOL_CONVERSION = YES;
				CLANG_WARN_COMMA = YES;
				CLANG_WARN_CONSTANT_CONVERSION = YES;
				CLANG_WARN_DEPRECATED_OBJC_IMPLEMENTATIONS = YES;
				CLANG_WARN_DIRECT_OBJC_ISA_USAGE = YES_ERROR;
				CLANG_WARN_DOCUMENTATION_COMMENTS = YES;
				CLANG_WARN_EMPTY_BODY = YES;
				CLANG_WARN_ENUM_CONVERSION = YES;
				CLANG_WARN_INFINITE_RECURSION = YES;
				CLANG_WARN_INT_CONVERSION = YES;
				CLANG_WARN_NON_LITERAL_NULL_CONVERSION = YES;
				CLANG_WARN_OBJC_IMPLICIT_RETAIN_SELF = YES;
				CLANG_WARN_OBJC_LITERAL_CONVERSION = YES;
				CLANG_WARN_QUOTED_INCLUDE_IN_FRAMEWORK_HEADER = YES;
				CLANG_WARN_RANGE_LOOP_ANALYSIS = YES;
				CLANG_WARN_STRICT_PROTOTYPES = YES;
				CLANG_WARN_SUSPICIOUS_MOVE = YES;
				CLANG_WARN_UNGUARDED_AVAILABILITY = YES_AGGRESSIVE;
				CLANG_WARN_UNREACHABLE_CODE = YES;
				CLANG_WARN__DUPLICATE_METHOD_MATCH = YES;
				COPY_PHASE_STRIP = NO;
				DEBUG_INFORMATION_FORMAT = dwarf;
				ENABLE_STRICT_OBJC_MSGSEND = YES;
				ENABLE_TESTABILITY = YES;
				GCC_C_LANGUAGE_STANDARD = gnu17;
				GCC_DYNAMIC_NO_PIC = NO;
				GCC_NO_COMMON_BLOCKS = YES;
				GCC_OPTIMIZATION_LEVEL = 0;
				GCC_PREPROCESSOR_DEFINITIONS = (
					"DEBUG=1",
					"$(inherited)",
				);
				GCC_WARN_64_TO_32_BIT_CONVERSION = YES;
				GCC_WARN_ABOUT_RETURN_TYPE = YES_ERROR;
				GCC_WARN_UNDECLARED_SELECTOR = YES;
				GCC_WARN_UNINITIALIZED_AUTOS = YES_AGGRESSIVE;
				GCC_WARN_UNUSED_FUNCTION = YES;
				GCC_WARN_UNUSED_VARIABLE = YES;
				MACOSX_DEPLOYMENT_TARGET = 14.0;
				MTL_ENABLE_DEBUG_INFO = INCLUDE_SOURCE;
				MTL_FAST_MATH = YES;
				ONLY_ACTIVE_ARCH = YES;
				SDKROOT = macosx;
				SWIFT_ACTIVE_COMPILATION_CONDITIONS = DEBUG;
				SWIFT_OPTIMIZATION_LEVEL = "-Onone";
			};
			name = Debug;
		};
		AE7B5B8DC42678F564D2D981 /* Debug */ = {
			isa = XCBuildConfiguration;
			buildSettings = {
				ASSETCATALOG_COMPILER_APPICON_NAME = AppIcon;
				CODE_SIGN_ENTITLEMENTS = Resources/Overhear.entitlements;
				CODE_SIGN_IDENTITY = "Developer ID Application";
				CODE_SIGN_STYLE = Manual;
				COMBINE_HIDPI_IMAGES = YES;
				CURRENT_PROJECT_VERSION = 1;
				DEVELOPMENT_TEAM = 6R7S5GA944;
				ENABLE_HARDENED_RUNTIME = YES;
				GENERATE_INFOPLIST_FILE = NO;
				INFOPLIST_FILE = Resources/Info.plist;
				LD_RUNPATH_SEARCH_PATHS = (
					"$(inherited)",
					"@executable_path/../Frameworks",
				);
				MACOSX_DEPLOYMENT_TARGET = 14.0;
				MARKETING_VERSION = 0.1.0;
				PRODUCT_BUNDLE_IDENTIFIER = com.overhear.app;
				PRODUCT_NAME = "$(TARGET_NAME)";
				PROVISIONING_PROFILE_SPECIFIER = "";
				SDKROOT = macosx;
				SWIFT_OPTIMIZATION_LEVEL = "-Onone";
				SWIFT_EMIT_LOC_STRINGS = YES;
				SWIFT_VERSION = 5.0;
			};
			name = Debug;
		};
		E513CE8E625AEB6184583D15 /* Release */ = {
			isa = XCBuildConfiguration;
			buildSettings = {
				ASSETCATALOG_COMPILER_APPICON_NAME = AppIcon;
				CODE_SIGN_ENTITLEMENTS = Resources/Overhear.entitlements;
				CODE_SIGN_IDENTITY = "Developer ID Application";
				CODE_SIGN_STYLE = Manual;
				COMBINE_HIDPI_IMAGES = YES;
				CURRENT_PROJECT_VERSION = 1;
				DEVELOPMENT_TEAM = 6R7S5GA944;
				ENABLE_HARDENED_RUNTIME = YES;
				GENERATE_INFOPLIST_FILE = NO;
				INFOPLIST_FILE = Resources/Info.plist;
				LD_RUNPATH_SEARCH_PATHS = (
					"$(inherited)",
					"@executable_path/../Frameworks",
				);
				MACOSX_DEPLOYMENT_TARGET = 14.0;
				MARKETING_VERSION = 0.1.0;
				PRODUCT_BUNDLE_IDENTIFIER = com.overhear.app;
				PRODUCT_NAME = "$(TARGET_NAME)";
				PROVISIONING_PROFILE_SPECIFIER = "";
				SDKROOT = macosx;
				SWIFT_OPTIMIZATION_LEVEL = "-O";
				SWIFT_EMIT_LOC_STRINGS = YES;
				SWIFT_VERSION = 5.0;
			};
			name = Release;
		};
/* End XCBuildConfiguration section */

/* Begin XCConfigurationList section */
		11DA417D0736C8ADF76AB320 /* Build configuration list for PBXNativeTarget "Overhear" */ = {
			isa = XCConfigurationList;
			buildConfigurations = (
				AE7B5B8DC42678F564D2D981 /* Debug */,
				E513CE8E625AEB6184583D15 /* Release */,
			);
			defaultConfigurationIsVisible = 0;
			defaultConfigurationName = Debug;
		};
		53EA35FE2F1BAFD400145A47 /* Build configuration list for PBXNativeTarget "OverhearTests" */ = {
			isa = XCConfigurationList;
			buildConfigurations = (
				53EA35FC2F1BAFD400145A47 /* Debug */,
				53EA35FD2F1BAFD400145A47 /* Release */,
			);
			defaultConfigurationIsVisible = 0;
			defaultConfigurationName = Debug;
		};
		EE265EB7FED8A0902E459B73 /* Build configuration list for PBXProject "Overhear" */ = {
			isa = XCConfigurationList;
			buildConfigurations = (
				69B7F21EC53E0DA447DA6C10 /* Debug */,
				2B96F9A03043751176C47902 /* Release */,
			);
			defaultConfigurationIsVisible = 0;
			defaultConfigurationName = Debug;
		};
/* End XCConfigurationList section */

/* Begin XCRemoteSwiftPackageReference section */
		7D8C4F6F0B5B4C32B3E3E6D9 /* XCRemoteSwiftPackageReference "mlx-swift-lm" */ = {
			isa = XCRemoteSwiftPackageReference;
			repositoryURL = "https://github.com/ml-explore/mlx-swift-lm.git";
			requirement = {
				kind = upToNextMinorVersion;
				minimumVersion = 2.29.1;
			};
		};
		88C9F04FA24C42FB8A939657 /* XCRemoteSwiftPackageReference "FluidAudio" */ = {
			isa = XCRemoteSwiftPackageReference;
			repositoryURL = "https://github.com/FluidInference/FluidAudio.git";
			requirement = {
				kind = upToNextMajorVersion;
				minimumVersion = 0.7.11;
			};
		};
/* End XCRemoteSwiftPackageReference section */

/* Begin XCSwiftPackageProductDependency section */
		7C4E1C6C7B2C4B5D8DDC7B2E /* MLXLLM */ = {
			isa = XCSwiftPackageProductDependency;
			package = 7D8C4F6F0B5B4C32B3E3E6D9 /* XCRemoteSwiftPackageReference "mlx-swift-lm" */;
			productName = MLXLLM;
		};
		8C1DE61BFEDC45A39B3A7D65 /* FluidAudio */ = {
			isa = XCSwiftPackageProductDependency;
			package = 88C9F04FA24C42FB8A939657 /* XCRemoteSwiftPackageReference "FluidAudio" */;
			productName = FluidAudio;
		};
/* End XCSwiftPackageProductDependency section */
	};
	rootObject = F5D72C8DB1660CE48CC2B4D9 /* Project object */;
}
